
Microsoft Visual Studio Solution File, Format Version 12.00
# Visual Studio Version 17
VisualStudioVersion = 17.0.31903.59
MinimumVisualStudioVersion = 10.0.40219.1
Project("{2150E333-8FDC-42A3-9474-1A3956D46DE8}") = "Base", "Base", "{582F44EA-20A7-E0FC-B733-811490F3F7BF}"
EndProject
Project("{2150E333-8FDC-42A3-9474-1A3956D46DE8}") = "src", "src", "{C835AA62-429E-0CF2-9F33-95AAB8DDE4ED}"
EndProject
Project("{FAE04EC0-301F-11D3-BF4B-00C04F79EFBC}") = "Base.Domain", "Base\src\Base.Domain\Base.Domain.csproj", "{99824C76-D75A-4D7E-803C-420B0390E5AA}"
EndProject
Project("{FAE04EC0-301F-11D3-BF4B-00C04F79EFBC}") = "Base.Infrastructure", "Base\src\Base.Infrastructure\Base.Infrastructure.csproj", "{31B1B5FA-BD72-47E9-A8A6-03E5CE31182C}"
EndProject
Project("{FAE04EC0-301F-11D3-BF4B-00C04F79EFBC}") = "Base.Infrastructure.Interface", "Base\src\Base.Infrastructure.Interface\Base.Infrastructure.Interface.csproj", "{1868EAA5-4879-480B-864B-98DE889FA4B8}"
EndProject
Project("{FAE04EC0-301F-11D3-BF4B-00C04F79EFBC}") = "Base.Infrastructure.Toolkits", "Base\src\Base.Infrastructure.Toolkits\Base.Infrastructure.Toolkits.csproj", "{830BC8EE-D6FB-434D-8D3D-840EF77716A4}"
EndProject
Project("{2150E333-8FDC-42A3-9474-1A3956D46DE8}") = "DataHub", "DataHub", "{C1FA3A57-3548-B566-D568-83AA28591B08}"
EndProject
Project("{2150E333-8FDC-42A3-9474-1A3956D46DE8}") = "src", "src", "{A696018C-2ABA-3EFD-1722-717FD5C777D4}"
EndProject
Project("{FAE04EC0-301F-11D3-BF4B-00C04F79EFBC}") = "DataHub", "DataHub\src\DataHub\DataHub.csproj", "{6F5DA6DD-0193-4CC6-8BB7-527C0C27F593}"
EndProject
Project("{FAE04EC0-301F-11D3-BF4B-00C04F79EFBC}") = "DataHub.Bizform", "DataHub\src\DataHub.Bizform\DataHub.Bizform.csproj", "{DD4B5317-2699-437D-846C-B26EDAA55F49}"
EndProject
Project("{FAE04EC0-301F-11D3-BF4B-00C04F79EFBC}") = "DataHub.Cloud", "DataHub\src\DataHub.Cloud\DataHub.Cloud.csproj", "{6F801985-E889-4861-91C4-DFECB89975A8}"
EndProject
Project("{FAE04EC0-301F-11D3-BF4B-00C04F79EFBC}") = "DataHub.Domain", "DataHub\src\DataHub.Domain\DataHub.Domain.csproj", "{CE3B1885-40AA-4A39-8373-BF21CA502EDE}"
EndProject
Project("{FAE04EC0-301F-11D3-BF4B-00C04F79EFBC}") = "DataHub.Infrastructure", "DataHub\src\DataHub.Infrastructure\DataHub.Infrastructure.csproj", "{37D2CEC0-1C7F-475D-91D7-92B7C068EE14}"
EndProject
Project("{2150E333-8FDC-42A3-9474-1A3956D46DE8}") = "service", "service", "{1341DAF6-A4E7-8639-55CD-05D7E2715A31}"
EndProject
Project("{FAE04EC0-301F-11D3-BF4B-00C04F79EFBC}") = "Base.Aspose", "Base\src\service\Base.Aspose\Base.Aspose.csproj", "{EC3D4EDC-3E3D-4D88-88B2-C6760E7D47D1}"
EndProject
Project("{FAE04EC0-301F-11D3-BF4B-00C04F79EFBC}") = "Base.Authentication", "Base\src\service\Base.Authentication\Base.Authentication.csproj", "{ADFD04A3-67A1-4A7B-AD6E-220DBAF094DB}"
EndProject
Project("{FAE04EC0-301F-11D3-BF4B-00C04F79EFBC}") = "Base.Mail", "Base\src\service\Base.Mail\Base.Mail.csproj", "{C0747B33-60E4-477D-95CA-2009C4967FC9}"
EndProject
Project("{FAE04EC0-301F-11D3-BF4B-00C04F79EFBC}") = "Base.NPOI", "Base\src\service\Base.NPOI\Base.NPOI.csproj", "{A14F4AAC-CFF1-48E1-9849-A4650DA17022}"
EndProject
Project("{FAE04EC0-301F-11D3-BF4B-00C04F79EFBC}") = "Base.Security", "Base\src\service\Base.Security\Base.Security.csproj", "{43160D4D-A87F-4B54-8B6F-F64E92F33FE7}"
EndProject
Project("{2150E333-8FDC-42A3-9474-1A3956D46DE8}") = "Main", "Main", "{CD6FB1AB-95BD-FE58-A810-34B80E1427B7}"
EndProject
Project("{2150E333-8FDC-42A3-9474-1A3956D46DE8}") = "src", "src", "{10CFE568-EC39-7715-D0A1-0C673C9A1ADD}"
EndProject
Project("{FAE04EC0-301F-11D3-BF4B-00C04F79EFBC}") = "Main.Domain", "Main\src\Main.Domain\Main.Domain.csproj", "{BBA3DF52-3612-4297-9429-AFD2D50905FE}"
EndProject
Project("{FAE04EC0-301F-11D3-BF4B-00C04F79EFBC}") = "Main.Infrastructure", "Main\src\Main.Infrastructure\Main.Infrastructure.csproj", "{3F656986-E99D-4960-932C-1C25FF9D69F1}"
EndProject
Project("{FAE04EC0-301F-11D3-BF4B-00C04F79EFBC}") = "Main.Repository", "Main\src\Main.Repository\Main.Repository.csproj", "{829D152B-BE06-4135-9751-95A122A8CD4C}"
EndProject
Project("{FAE04EC0-301F-11D3-BF4B-00C04F79EFBC}") = "Main.Service", "Main\src\Main.Service\Main.Service.csproj", "{8A7DE08B-59EA-4640-AA52-4873A4CF93F8}"
EndProject
Project("{FAE04EC0-301F-11D3-BF4B-00C04F79EFBC}") = "Main.Service.Interface", "Main\src\Main.Service.Interface\Main.Service.Interface.csproj", "{AF9A5F79-4BAC-4F4B-A894-489E4C8A27D3}"
EndProject
Project("{FAE04EC0-301F-11D3-BF4B-00C04F79EFBC}") = "Main.WebApi", "Main\src\Main.WebApi\Main.WebApi.csproj", "{09C075E3-1DE7-4224-AAC7-1244D5830839}"
EndProject
Project("{2150E333-8FDC-42A3-9474-1A3956D46DE8}") = "Aspire", "Aspire", "{2CE4C434-ECA8-4D8C-4DE1-22A7DD300D04}"
EndProject
Project("{FAE04EC0-301F-11D3-BF4B-00C04F79EFBC}") = "Aspire.AppHost", "Aspire\Aspire.AppHost\Aspire.AppHost.csproj", "{D75F6362-49C6-4AF3-AC6B-8AADE1B63D20}"
EndProject
Project("{FAE04EC0-301F-11D3-BF4B-00C04F79EFBC}") = "Aspire.ServiceDefaults", "Aspire\Aspire.ServiceDefaults\Aspire.ServiceDefaults.csproj", "{C8D1A357-9D79-41A6-B51F-AFA97FB8AC55}"
EndProject
Project("{2150E333-8FDC-42A3-9474-1A3956D46DE8}") = "test", "test", "{23193BA2-8267-92C2-A815-36148924A335}"
EndProject
Project("{FAE04EC0-301F-11D3-BF4B-00C04F79EFBC}") = "DataHub.Bizform.Test", "DataHub\test\DataHub.Bizform.Test\DataHub.Bizform.Test.csproj", "{0BCCB4EF-01A4-44DF-9BE8-C2D987B1ECAC}"
EndProject
Project("{FAE04EC0-301F-11D3-BF4B-00C04F79EFBC}") = "DataHub.Cloud.Test", "DataHub\test\DataHub.Cloud.Test\DataHub.Cloud.Test.csproj", "{51CF38BB-7A43-4598-8907-6FFEDC053948}"
EndProject
Project("{2150E333-8FDC-42A3-9474-1A3956D46DE8}") = "test", "test", "{53ED0BDA-BC35-8920-29B6-E9F57F5B391D}"
EndProject
Project("{FAE04EC0-301F-11D3-BF4B-00C04F79EFBC}") = "Main.WebApi.Test", "Main\test\Main.WebApi.Test\Main.WebApi.Test.csproj", "{75A927CB-B049-4015-A90A-B6F274BE572E}"
EndProject
Project("{2150E333-8FDC-42A3-9474-1A3956D46DE8}") = "test", "test", "{4ED5F429-2EA0-8E89-3D0D-4558043B8257}"
EndProject
Project("{FAE04EC0-301F-11D3-BF4B-00C04F79EFBC}") = "Base.Aspose.Test", "Base\test\Base.Aspose.Test\Base.Aspose.Test.csproj", "{BAFCE103-1106-484D-94A9-EDB2C021B9B3}"
EndProject
Project("{FAE04EC0-301F-11D3-BF4B-00C04F79EFBC}") = "Base.Authentication.Test", "Base\test\Base.Authentication.Test\Base.Authentication.Test.csproj", "{4AA32477-D39D-4A1C-9671-2CA52F8AA39B}"
EndProject
Project("{FAE04EC0-301F-11D3-BF4B-00C04F79EFBC}") = "Base.Files.Test", "Base\test\Base.Files.Test\Base.Files.Test.csproj", "{AC5C8E1E-7570-422A-BF17-BA92CF572EA7}"
EndProject
Project("{FAE04EC0-301F-11D3-BF4B-00C04F79EFBC}") = "Base.Infrastructure.Toolkits.Test", "Base\test\Base.Infrastructure.Toolkits.Test\Base.Infrastructure.Toolkits.Test.csproj", "{AAB18AD3-20E6-4F12-A850-9358AA4E2CF7}"
EndProject
Project("{FAE04EC0-301F-11D3-BF4B-00C04F79EFBC}") = "Base.Mail.Test", "Base\test\Base.Mail.Test\Base.Mail.Test.csproj", "{82603056-CCC9-4C86-A45E-1966774552D6}"
EndProject
Project("{FAE04EC0-301F-11D3-BF4B-00C04F79EFBC}") = "Base.NPOI.Test", "Base\test\Base.NPOI.Test\Base.NPOI.Test.csproj", "{465B9A6D-BC70-4791-BA00-42035AB0B7C9}"
EndProject
Project("{FAE04EC0-301F-11D3-BF4B-00C04F79EFBC}") = "Base.Security.Test", "Base\test\Base.Security.Test\Base.Security.Test.csproj", "{60995F44-575B-4181-BEB8-09842C619558}"
EndProject
Project("{FAE04EC0-301F-11D3-BF4B-00C04F79EFBC}") = "Base.Files", "Base\src\service\Base.File\Base.Files.csproj", "{5112CB42-AE06-4328-D15D-A9E11A4D17B8}"
EndProject
Project("{2150E333-8FDC-42A3-9474-1A3956D46DE8}") = "Solution Items", "Solution Items", "{02EA681E-C7D8-13C7-8484-4AC65E1B71E8}"
	ProjectSection(SolutionItems) = preProject
		.editorconfig = .editorconfig
		.gitignore = .gitignore
		BEST_PRACTICES.md = BEST_PRACTICES.md
		CODING_RULES.md = CODING_RULES.md
		Directory.Packages.props = Directory.Packages.props
		global.json = global.json
		README.md = README.md
		SETUP.md = SETUP.md
	EndProjectSection
EndProject
Project("{2150E333-8FDC-42A3-9474-1A3956D46DE8}") = ".github", ".github", "{FBB2E6BF-BBB8-4540-ACC7-61E7EB7005ED}"
EndProject
Project("{2150E333-8FDC-42A3-9474-1A3956D46DE8}") = "chatmodes", "chatmodes", "{BB97EA8B-2726-4A8C-B553-55898714A061}"
EndProject
Project("{2150E333-8FDC-42A3-9474-1A3956D46DE8}") = "prompts", "prompts", "{D1CFEDDC-DC75-481B-B7DD-F918C6106013}"
EndProject
Project("{2150E333-8FDC-42A3-9474-1A3956D46DE8}") = "templates", "templates", "{B756B4F6-1DE1-4C3E-8267-4B27FA3429B4}"
EndProject
Project("{FAE04EC0-301F-11D3-BF4B-00C04F79EFBC}") = "Main.Domain.Test", "Main\test\Main.Domain.Test\Main.Domain.Test.csproj", "{5091E21E-1D47-484F-9DE6-690E50C86EA4}"
EndProject
Project("{2150E333-8FDC-42A3-9474-1A3956D46DE8}") = "Scheduler", "Scheduler", "{19EA2B12-7525-D1CA-1FE9-E9E1DB6BBDD3}"
EndProject
Project("{2150E333-8FDC-42A3-9474-1A3956D46DE8}") = "src", "src", "{37BDC94C-95FE-372F-CB2E-011CEC60450D}"
EndProject
Project("{FAE04EC0-301F-11D3-BF4B-00C04F79EFBC}") = "Scheduler", "Scheduler\src\Scheduler\Scheduler.csproj", "{EBA6A46A-4F74-4C18-8319-8580B557F5E7}"
EndProject
Project("{FAE04EC0-301F-11D3-BF4B-00C04F79EFBC}") = "Scheduler.Domain", "Scheduler\src\Scheduler.Domain\Scheduler.Domain.csproj", "{5BF0C570-400C-4F08-A155-0EAAFBE74AC7}"
EndProject
Project("{FAE04EC0-301F-11D3-BF4B-00C04F79EFBC}") = "Scheduler.Infrastructure", "Scheduler\src\Scheduler.Infrastructure\Scheduler.Infrastructure.csproj", "{C6EB1455-9223-45E5-B859-3D0777BB5992}"
EndProject
Global
	GlobalSection(SolutionConfigurationPlatforms) = preSolution
		Debug|Any CPU = Debug|Any CPU
		Debug|x64 = Debug|x64
		Debug|x86 = Debug|x86
		Release|Any CPU = Release|Any CPU
		Release|x64 = Release|x64
		Release|x86 = Release|x86
	EndGlobalSection
	GlobalSection(ProjectConfigurationPlatforms) = postSolution
		{99824C76-D75A-4D7E-803C-420B0390E5AA}.Debug|Any CPU.ActiveCfg = Debug|Any CPU
		{99824C76-D75A-4D7E-803C-420B0390E5AA}.Debug|Any CPU.Build.0 = Debug|Any CPU
		{99824C76-D75A-4D7E-803C-420B0390E5AA}.Debug|x64.ActiveCfg = Debug|Any CPU
		{99824C76-D75A-4D7E-803C-420B0390E5AA}.Debug|x64.Build.0 = Debug|Any CPU
		{99824C76-D75A-4D7E-803C-420B0390E5AA}.Debug|x86.ActiveCfg = Debug|Any CPU
		{99824C76-D75A-4D7E-803C-420B0390E5AA}.Debug|x86.Build.0 = Debug|Any CPU
		{99824C76-D75A-4D7E-803C-420B0390E5AA}.Release|Any CPU.ActiveCfg = Release|Any CPU
		{99824C76-D75A-4D7E-803C-420B0390E5AA}.Release|Any CPU.Build.0 = Release|Any CPU
		{99824C76-D75A-4D7E-803C-420B0390E5AA}.Release|x64.ActiveCfg = Release|Any CPU
		{99824C76-D75A-4D7E-803C-420B0390E5AA}.Release|x64.Build.0 = Release|Any CPU
		{99824C76-D75A-4D7E-803C-420B0390E5AA}.Release|x86.ActiveCfg = Release|Any CPU
		{99824C76-D75A-4D7E-803C-420B0390E5AA}.Release|x86.Build.0 = Release|Any CPU
		{31B1B5FA-BD72-47E9-A8A6-03E5CE31182C}.Debug|Any CPU.ActiveCfg = Debug|Any CPU
		{31B1B5FA-BD72-47E9-A8A6-03E5CE31182C}.Debug|Any CPU.Build.0 = Debug|Any CPU
		{31B1B5FA-BD72-47E9-A8A6-03E5CE31182C}.Debug|x64.ActiveCfg = Debug|Any CPU
		{31B1B5FA-BD72-47E9-A8A6-03E5CE31182C}.Debug|x64.Build.0 = Debug|Any CPU
		{31B1B5FA-BD72-47E9-A8A6-03E5CE31182C}.Debug|x86.ActiveCfg = Debug|Any CPU
		{31B1B5FA-BD72-47E9-A8A6-03E5CE31182C}.Debug|x86.Build.0 = Debug|Any CPU
		{31B1B5FA-BD72-47E9-A8A6-03E5CE31182C}.Release|Any CPU.ActiveCfg = Release|Any CPU
		{31B1B5FA-BD72-47E9-A8A6-03E5CE31182C}.Release|Any CPU.Build.0 = Release|Any CPU
		{31B1B5FA-BD72-47E9-A8A6-03E5CE31182C}.Release|x64.ActiveCfg = Release|Any CPU
		{31B1B5FA-BD72-47E9-A8A6-03E5CE31182C}.Release|x64.Build.0 = Release|Any CPU
		{31B1B5FA-BD72-47E9-A8A6-03E5CE31182C}.Release|x86.ActiveCfg = Release|Any CPU
		{31B1B5FA-BD72-47E9-A8A6-03E5CE31182C}.Release|x86.Build.0 = Release|Any CPU
		{1868EAA5-4879-480B-864B-98DE889FA4B8}.Debug|Any CPU.ActiveCfg = Debug|Any CPU
		{1868EAA5-4879-480B-864B-98DE889FA4B8}.Debug|Any CPU.Build.0 = Debug|Any CPU
		{1868EAA5-4879-480B-864B-98DE889FA4B8}.Debug|x64.ActiveCfg = Debug|Any CPU
		{1868EAA5-4879-480B-864B-98DE889FA4B8}.Debug|x64.Build.0 = Debug|Any CPU
		{1868EAA5-4879-480B-864B-98DE889FA4B8}.Debug|x86.ActiveCfg = Debug|Any CPU
		{1868EAA5-4879-480B-864B-98DE889FA4B8}.Debug|x86.Build.0 = Debug|Any CPU
		{1868EAA5-4879-480B-864B-98DE889FA4B8}.Release|Any CPU.ActiveCfg = Release|Any CPU
		{1868EAA5-4879-480B-864B-98DE889FA4B8}.Release|Any CPU.Build.0 = Release|Any CPU
		{1868EAA5-4879-480B-864B-98DE889FA4B8}.Release|x64.ActiveCfg = Release|Any CPU
		{1868EAA5-4879-480B-864B-98DE889FA4B8}.Release|x64.Build.0 = Release|Any CPU
		{1868EAA5-4879-480B-864B-98DE889FA4B8}.Release|x86.ActiveCfg = Release|Any CPU
		{1868EAA5-4879-480B-864B-98DE889FA4B8}.Release|x86.Build.0 = Release|Any CPU
		{830BC8EE-D6FB-434D-8D3D-840EF77716A4}.Debug|Any CPU.ActiveCfg = Debug|Any CPU
		{830BC8EE-D6FB-434D-8D3D-840EF77716A4}.Debug|Any CPU.Build.0 = Debug|Any CPU
		{830BC8EE-D6FB-434D-8D3D-840EF77716A4}.Debug|x64.ActiveCfg = Debug|Any CPU
		{830BC8EE-D6FB-434D-8D3D-840EF77716A4}.Debug|x64.Build.0 = Debug|Any CPU
		{830BC8EE-D6FB-434D-8D3D-840EF77716A4}.Debug|x86.ActiveCfg = Debug|Any CPU
		{830BC8EE-D6FB-434D-8D3D-840EF77716A4}.Debug|x86.Build.0 = Debug|Any CPU
		{830BC8EE-D6FB-434D-8D3D-840EF77716A4}.Release|Any CPU.ActiveCfg = Release|Any CPU
		{830BC8EE-D6FB-434D-8D3D-840EF77716A4}.Release|Any CPU.Build.0 = Release|Any CPU
		{830BC8EE-D6FB-434D-8D3D-840EF77716A4}.Release|x64.ActiveCfg = Release|Any CPU
		{830BC8EE-D6FB-434D-8D3D-840EF77716A4}.Release|x64.Build.0 = Release|Any CPU
		{830BC8EE-D6FB-434D-8D3D-840EF77716A4}.Release|x86.ActiveCfg = Release|Any CPU
		{830BC8EE-D6FB-434D-8D3D-840EF77716A4}.Release|x86.Build.0 = Release|Any CPU
		{6F5DA6DD-0193-4CC6-8BB7-527C0C27F593}.Debug|Any CPU.ActiveCfg = Debug|Any CPU
		{6F5DA6DD-0193-4CC6-8BB7-527C0C27F593}.Debug|Any CPU.Build.0 = Debug|Any CPU
		{6F5DA6DD-0193-4CC6-8BB7-527C0C27F593}.Debug|x64.ActiveCfg = Debug|Any CPU
		{6F5DA6DD-0193-4CC6-8BB7-527C0C27F593}.Debug|x64.Build.0 = Debug|Any CPU
		{6F5DA6DD-0193-4CC6-8BB7-527C0C27F593}.Debug|x86.ActiveCfg = Debug|Any CPU
		{6F5DA6DD-0193-4CC6-8BB7-527C0C27F593}.Debug|x86.Build.0 = Debug|Any CPU
		{6F5DA6DD-0193-4CC6-8BB7-527C0C27F593}.Release|Any CPU.ActiveCfg = Release|Any CPU
		{6F5DA6DD-0193-4CC6-8BB7-527C0C27F593}.Release|Any CPU.Build.0 = Release|Any CPU
		{6F5DA6DD-0193-4CC6-8BB7-527C0C27F593}.Release|x64.ActiveCfg = Release|Any CPU
		{6F5DA6DD-0193-4CC6-8BB7-527C0C27F593}.Release|x64.Build.0 = Release|Any CPU
		{6F5DA6DD-0193-4CC6-8BB7-527C0C27F593}.Release|x86.ActiveCfg = Release|Any CPU
		{6F5DA6DD-0193-4CC6-8BB7-527C0C27F593}.Release|x86.Build.0 = Release|Any CPU
		{DD4B5317-2699-437D-846C-B26EDAA55F49}.Debug|Any CPU.ActiveCfg = Debug|Any CPU
		{DD4B5317-2699-437D-846C-B26EDAA55F49}.Debug|Any CPU.Build.0 = Debug|Any CPU
		{DD4B5317-2699-437D-846C-B26EDAA55F49}.Debug|x64.ActiveCfg = Debug|Any CPU
		{DD4B5317-2699-437D-846C-B26EDAA55F49}.Debug|x64.Build.0 = Debug|Any CPU
		{DD4B5317-2699-437D-846C-B26EDAA55F49}.Debug|x86.ActiveCfg = Debug|Any CPU
		{DD4B5317-2699-437D-846C-B26EDAA55F49}.Debug|x86.Build.0 = Debug|Any CPU
		{DD4B5317-2699-437D-846C-B26EDAA55F49}.Release|Any CPU.ActiveCfg = Release|Any CPU
		{DD4B5317-2699-437D-846C-B26EDAA55F49}.Release|Any CPU.Build.0 = Release|Any CPU
		{DD4B5317-2699-437D-846C-B26EDAA55F49}.Release|x64.ActiveCfg = Release|Any CPU
		{DD4B5317-2699-437D-846C-B26EDAA55F49}.Release|x64.Build.0 = Release|Any CPU
		{DD4B5317-2699-437D-846C-B26EDAA55F49}.Release|x86.ActiveCfg = Release|Any CPU
		{DD4B5317-2699-437D-846C-B26EDAA55F49}.Release|x86.Build.0 = Release|Any CPU
		{6F801985-E889-4861-91C4-DFECB89975A8}.Debug|Any CPU.ActiveCfg = Debug|Any CPU
		{6F801985-E889-4861-91C4-DFECB89975A8}.Debug|Any CPU.Build.0 = Debug|Any CPU
		{6F801985-E889-4861-91C4-DFECB89975A8}.Debug|x64.ActiveCfg = Debug|Any CPU
		{6F801985-E889-4861-91C4-DFECB89975A8}.Debug|x64.Build.0 = Debug|Any CPU
		{6F801985-E889-4861-91C4-DFECB89975A8}.Debug|x86.ActiveCfg = Debug|Any CPU
		{6F801985-E889-4861-91C4-DFECB89975A8}.Debug|x86.Build.0 = Debug|Any CPU
		{6F801985-E889-4861-91C4-DFECB89975A8}.Release|Any CPU.ActiveCfg = Release|Any CPU
		{6F801985-E889-4861-91C4-DFECB89975A8}.Release|Any CPU.Build.0 = Release|Any CPU
		{6F801985-E889-4861-91C4-DFECB89975A8}.Release|x64.ActiveCfg = Release|Any CPU
		{6F801985-E889-4861-91C4-DFECB89975A8}.Release|x64.Build.0 = Release|Any CPU
		{6F801985-E889-4861-91C4-DFECB89975A8}.Release|x86.ActiveCfg = Release|Any CPU
		{6F801985-E889-4861-91C4-DFECB89975A8}.Release|x86.Build.0 = Release|Any CPU
		{CE3B1885-40AA-4A39-8373-BF21CA502EDE}.Debug|Any CPU.ActiveCfg = Debug|Any CPU
		{CE3B1885-40AA-4A39-8373-BF21CA502EDE}.Debug|Any CPU.Build.0 = Debug|Any CPU
		{CE3B1885-40AA-4A39-8373-BF21CA502EDE}.Debug|x64.ActiveCfg = Debug|Any CPU
		{CE3B1885-40AA-4A39-8373-BF21CA502EDE}.Debug|x64.Build.0 = Debug|Any CPU
		{CE3B1885-40AA-4A39-8373-BF21CA502EDE}.Debug|x86.ActiveCfg = Debug|Any CPU
		{CE3B1885-40AA-4A39-8373-BF21CA502EDE}.Debug|x86.Build.0 = Debug|Any CPU
		{CE3B1885-40AA-4A39-8373-BF21CA502EDE}.Release|Any CPU.ActiveCfg = Release|Any CPU
		{CE3B1885-40AA-4A39-8373-BF21CA502EDE}.Release|Any CPU.Build.0 = Release|Any CPU
		{CE3B1885-40AA-4A39-8373-BF21CA502EDE}.Release|x64.ActiveCfg = Release|Any CPU
		{CE3B1885-40AA-4A39-8373-BF21CA502EDE}.Release|x64.Build.0 = Release|Any CPU
		{CE3B1885-40AA-4A39-8373-BF21CA502EDE}.Release|x86.ActiveCfg = Release|Any CPU
		{CE3B1885-40AA-4A39-8373-BF21CA502EDE}.Release|x86.Build.0 = Release|Any CPU
		{37D2CEC0-1C7F-475D-91D7-92B7C068EE14}.Debug|Any CPU.ActiveCfg = Debug|Any CPU
		{37D2CEC0-1C7F-475D-91D7-92B7C068EE14}.Debug|Any CPU.Build.0 = Debug|Any CPU
		{37D2CEC0-1C7F-475D-91D7-92B7C068EE14}.Debug|x64.ActiveCfg = Debug|Any CPU
		{37D2CEC0-1C7F-475D-91D7-92B7C068EE14}.Debug|x64.Build.0 = Debug|Any CPU
		{37D2CEC0-1C7F-475D-91D7-92B7C068EE14}.Debug|x86.ActiveCfg = Debug|Any CPU
		{37D2CEC0-1C7F-475D-91D7-92B7C068EE14}.Debug|x86.Build.0 = Debug|Any CPU
		{37D2CEC0-1C7F-475D-91D7-92B7C068EE14}.Release|Any CPU.ActiveCfg = Release|Any CPU
		{37D2CEC0-1C7F-475D-91D7-92B7C068EE14}.Release|Any CPU.Build.0 = Release|Any CPU
		{37D2CEC0-1C7F-475D-91D7-92B7C068EE14}.Release|x64.ActiveCfg = Release|Any CPU
		{37D2CEC0-1C7F-475D-91D7-92B7C068EE14}.Release|x64.Build.0 = Release|Any CPU
		{37D2CEC0-1C7F-475D-91D7-92B7C068EE14}.Release|x86.ActiveCfg = Release|Any CPU
		{37D2CEC0-1C7F-475D-91D7-92B7C068EE14}.Release|x86.Build.0 = Release|Any CPU
		{EC3D4EDC-3E3D-4D88-88B2-C6760E7D47D1}.Debug|Any CPU.ActiveCfg = Debug|Any CPU
		{EC3D4EDC-3E3D-4D88-88B2-C6760E7D47D1}.Debug|Any CPU.Build.0 = Debug|Any CPU
		{EC3D4EDC-3E3D-4D88-88B2-C6760E7D47D1}.Debug|x64.ActiveCfg = Debug|Any CPU
		{EC3D4EDC-3E3D-4D88-88B2-C6760E7D47D1}.Debug|x64.Build.0 = Debug|Any CPU
		{EC3D4EDC-3E3D-4D88-88B2-C6760E7D47D1}.Debug|x86.ActiveCfg = Debug|Any CPU
		{EC3D4EDC-3E3D-4D88-88B2-C6760E7D47D1}.Debug|x86.Build.0 = Debug|Any CPU
		{EC3D4EDC-3E3D-4D88-88B2-C6760E7D47D1}.Release|Any CPU.ActiveCfg = Release|Any CPU
		{EC3D4EDC-3E3D-4D88-88B2-C6760E7D47D1}.Release|Any CPU.Build.0 = Release|Any CPU
		{EC3D4EDC-3E3D-4D88-88B2-C6760E7D47D1}.Release|x64.ActiveCfg = Release|Any CPU
		{EC3D4EDC-3E3D-4D88-88B2-C6760E7D47D1}.Release|x64.Build.0 = Release|Any CPU
		{EC3D4EDC-3E3D-4D88-88B2-C6760E7D47D1}.Release|x86.ActiveCfg = Release|Any CPU
		{EC3D4EDC-3E3D-4D88-88B2-C6760E7D47D1}.Release|x86.Build.0 = Release|Any CPU
		{ADFD04A3-67A1-4A7B-AD6E-220DBAF094DB}.Debug|Any CPU.ActiveCfg = Debug|Any CPU
		{ADFD04A3-67A1-4A7B-AD6E-220DBAF094DB}.Debug|Any CPU.Build.0 = Debug|Any CPU
		{ADFD04A3-67A1-4A7B-AD6E-220DBAF094DB}.Debug|x64.ActiveCfg = Debug|Any CPU
		{ADFD04A3-67A1-4A7B-AD6E-220DBAF094DB}.Debug|x64.Build.0 = Debug|Any CPU
		{ADFD04A3-67A1-4A7B-AD6E-220DBAF094DB}.Debug|x86.ActiveCfg = Debug|Any CPU
		{ADFD04A3-67A1-4A7B-AD6E-220DBAF094DB}.Debug|x86.Build.0 = Debug|Any CPU
		{ADFD04A3-67A1-4A7B-AD6E-220DBAF094DB}.Release|Any CPU.ActiveCfg = Release|Any CPU
		{ADFD04A3-67A1-4A7B-AD6E-220DBAF094DB}.Release|Any CPU.Build.0 = Release|Any CPU
		{ADFD04A3-67A1-4A7B-AD6E-220DBAF094DB}.Release|x64.ActiveCfg = Release|Any CPU
		{ADFD04A3-67A1-4A7B-AD6E-220DBAF094DB}.Release|x64.Build.0 = Release|Any CPU
		{ADFD04A3-67A1-4A7B-AD6E-220DBAF094DB}.Release|x86.ActiveCfg = Release|Any CPU
		{ADFD04A3-67A1-4A7B-AD6E-220DBAF094DB}.Release|x86.Build.0 = Release|Any CPU
		{C0747B33-60E4-477D-95CA-2009C4967FC9}.Debug|Any CPU.ActiveCfg = Debug|Any CPU
		{C0747B33-60E4-477D-95CA-2009C4967FC9}.Debug|Any CPU.Build.0 = Debug|Any CPU
		{C0747B33-60E4-477D-95CA-2009C4967FC9}.Debug|x64.ActiveCfg = Debug|Any CPU
		{C0747B33-60E4-477D-95CA-2009C4967FC9}.Debug|x64.Build.0 = Debug|Any CPU
		{C0747B33-60E4-477D-95CA-2009C4967FC9}.Debug|x86.ActiveCfg = Debug|Any CPU
		{C0747B33-60E4-477D-95CA-2009C4967FC9}.Debug|x86.Build.0 = Debug|Any CPU
		{C0747B33-60E4-477D-95CA-2009C4967FC9}.Release|Any CPU.ActiveCfg = Release|Any CPU
		{C0747B33-60E4-477D-95CA-2009C4967FC9}.Release|Any CPU.Build.0 = Release|Any CPU
		{C0747B33-60E4-477D-95CA-2009C4967FC9}.Release|x64.ActiveCfg = Release|Any CPU
		{C0747B33-60E4-477D-95CA-2009C4967FC9}.Release|x64.Build.0 = Release|Any CPU
		{C0747B33-60E4-477D-95CA-2009C4967FC9}.Release|x86.ActiveCfg = Release|Any CPU
		{C0747B33-60E4-477D-95CA-2009C4967FC9}.Release|x86.Build.0 = Release|Any CPU
		{A14F4AAC-CFF1-48E1-9849-A4650DA17022}.Debug|Any CPU.ActiveCfg = Debug|Any CPU
		{A14F4AAC-CFF1-48E1-9849-A4650DA17022}.Debug|Any CPU.Build.0 = Debug|Any CPU
		{A14F4AAC-CFF1-48E1-9849-A4650DA17022}.Debug|x64.ActiveCfg = Debug|Any CPU
		{A14F4AAC-CFF1-48E1-9849-A4650DA17022}.Debug|x64.Build.0 = Debug|Any CPU
		{A14F4AAC-CFF1-48E1-9849-A4650DA17022}.Debug|x86.ActiveCfg = Debug|Any CPU
		{A14F4AAC-CFF1-48E1-9849-A4650DA17022}.Debug|x86.Build.0 = Debug|Any CPU
		{A14F4AAC-CFF1-48E1-9849-A4650DA17022}.Release|Any CPU.ActiveCfg = Release|Any CPU
		{A14F4AAC-CFF1-48E1-9849-A4650DA17022}.Release|Any CPU.Build.0 = Release|Any CPU
		{A14F4AAC-CFF1-48E1-9849-A4650DA17022}.Release|x64.ActiveCfg = Release|Any CPU
		{A14F4AAC-CFF1-48E1-9849-A4650DA17022}.Release|x64.Build.0 = Release|Any CPU
		{A14F4AAC-CFF1-48E1-9849-A4650DA17022}.Release|x86.ActiveCfg = Release|Any CPU
		{A14F4AAC-CFF1-48E1-9849-A4650DA17022}.Release|x86.Build.0 = Release|Any CPU
		{43160D4D-A87F-4B54-8B6F-F64E92F33FE7}.Debug|Any CPU.ActiveCfg = Debug|Any CPU
		{43160D4D-A87F-4B54-8B6F-F64E92F33FE7}.Debug|Any CPU.Build.0 = Debug|Any CPU
		{43160D4D-A87F-4B54-8B6F-F64E92F33FE7}.Debug|x64.ActiveCfg = Debug|Any CPU
		{43160D4D-A87F-4B54-8B6F-F64E92F33FE7}.Debug|x64.Build.0 = Debug|Any CPU
		{43160D4D-A87F-4B54-8B6F-F64E92F33FE7}.Debug|x86.ActiveCfg = Debug|Any CPU
		{43160D4D-A87F-4B54-8B6F-F64E92F33FE7}.Debug|x86.Build.0 = Debug|Any CPU
		{43160D4D-A87F-4B54-8B6F-F64E92F33FE7}.Release|Any CPU.ActiveCfg = Release|Any CPU
		{43160D4D-A87F-4B54-8B6F-F64E92F33FE7}.Release|Any CPU.Build.0 = Release|Any CPU
		{43160D4D-A87F-4B54-8B6F-F64E92F33FE7}.Release|x64.ActiveCfg = Release|Any CPU
		{43160D4D-A87F-4B54-8B6F-F64E92F33FE7}.Release|x64.Build.0 = Release|Any CPU
		{43160D4D-A87F-4B54-8B6F-F64E92F33FE7}.Release|x86.ActiveCfg = Release|Any CPU
		{43160D4D-A87F-4B54-8B6F-F64E92F33FE7}.Release|x86.Build.0 = Release|Any CPU
		{BBA3DF52-3612-4297-9429-AFD2D50905FE}.Debug|Any CPU.ActiveCfg = Debug|Any CPU
		{BBA3DF52-3612-4297-9429-AFD2D50905FE}.Debug|Any CPU.Build.0 = Debug|Any CPU
		{BBA3DF52-3612-4297-9429-AFD2D50905FE}.Debug|x64.ActiveCfg = Debug|Any CPU
		{BBA3DF52-3612-4297-9429-AFD2D50905FE}.Debug|x64.Build.0 = Debug|Any CPU
		{BBA3DF52-3612-4297-9429-AFD2D50905FE}.Debug|x86.ActiveCfg = Debug|Any CPU
		{BBA3DF52-3612-4297-9429-AFD2D50905FE}.Debug|x86.Build.0 = Debug|Any CPU
		{BBA3DF52-3612-4297-9429-AFD2D50905FE}.Release|Any CPU.ActiveCfg = Release|Any CPU
		{BBA3DF52-3612-4297-9429-AFD2D50905FE}.Release|Any CPU.Build.0 = Release|Any CPU
		{BBA3DF52-3612-4297-9429-AFD2D50905FE}.Release|x64.ActiveCfg = Release|Any CPU
		{BBA3DF52-3612-4297-9429-AFD2D50905FE}.Release|x64.Build.0 = Release|Any CPU
		{BBA3DF52-3612-4297-9429-AFD2D50905FE}.Release|x86.ActiveCfg = Release|Any CPU
		{BBA3DF52-3612-4297-9429-AFD2D50905FE}.Release|x86.Build.0 = Release|Any CPU
		{CDDA70FC-FA5B-47FB-A064-07C2DEB6657F}.Debug|Any CPU.ActiveCfg = Debug|Any CPU
		{CDDA70FC-FA5B-47FB-A064-07C2DEB6657F}.Debug|Any CPU.Build.0 = Debug|Any CPU
		{CDDA70FC-FA5B-47FB-A064-07C2DEB6657F}.Debug|x64.ActiveCfg = Debug|Any CPU
		{CDDA70FC-FA5B-47FB-A064-07C2DEB6657F}.Debug|x64.Build.0 = Debug|Any CPU
		{CDDA70FC-FA5B-47FB-A064-07C2DEB6657F}.Debug|x86.ActiveCfg = Debug|Any CPU
		{CDDA70FC-FA5B-47FB-A064-07C2DEB6657F}.Debug|x86.Build.0 = Debug|Any CPU
		{CDDA70FC-FA5B-47FB-A064-07C2DEB6657F}.Release|Any CPU.ActiveCfg = Release|Any CPU
		{CDDA70FC-FA5B-47FB-A064-07C2DEB6657F}.Release|Any CPU.Build.0 = Release|Any CPU
		{CDDA70FC-FA5B-47FB-A064-07C2DEB6657F}.Release|x64.ActiveCfg = Release|Any CPU
		{CDDA70FC-FA5B-47FB-A064-07C2DEB6657F}.Release|x64.Build.0 = Release|Any CPU
		{CDDA70FC-FA5B-47FB-A064-07C2DEB6657F}.Release|x86.ActiveCfg = Release|Any CPU
		{CDDA70FC-FA5B-47FB-A064-07C2DEB6657F}.Release|x86.Build.0 = Release|Any CPU
		{3F656986-E99D-4960-932C-1C25FF9D69F1}.Debug|Any CPU.ActiveCfg = Debug|Any CPU
		{3F656986-E99D-4960-932C-1C25FF9D69F1}.Debug|Any CPU.Build.0 = Debug|Any CPU
		{3F656986-E99D-4960-932C-1C25FF9D69F1}.Debug|x64.ActiveCfg = Debug|Any CPU
		{3F656986-E99D-4960-932C-1C25FF9D69F1}.Debug|x64.Build.0 = Debug|Any CPU
		{3F656986-E99D-4960-932C-1C25FF9D69F1}.Debug|x86.ActiveCfg = Debug|Any CPU
		{3F656986-E99D-4960-932C-1C25FF9D69F1}.Debug|x86.Build.0 = Debug|Any CPU
		{3F656986-E99D-4960-932C-1C25FF9D69F1}.Release|Any CPU.ActiveCfg = Release|Any CPU
		{3F656986-E99D-4960-932C-1C25FF9D69F1}.Release|Any CPU.Build.0 = Release|Any CPU
		{3F656986-E99D-4960-932C-1C25FF9D69F1}.Release|x64.ActiveCfg = Release|Any CPU
		{3F656986-E99D-4960-932C-1C25FF9D69F1}.Release|x64.Build.0 = Release|Any CPU
		{3F656986-E99D-4960-932C-1C25FF9D69F1}.Release|x86.ActiveCfg = Release|Any CPU
		{3F656986-E99D-4960-932C-1C25FF9D69F1}.Release|x86.Build.0 = Release|Any CPU
		{829D152B-BE06-4135-9751-95A122A8CD4C}.Debug|Any CPU.ActiveCfg = Debug|Any CPU
		{829D152B-BE06-4135-9751-95A122A8CD4C}.Debug|Any CPU.Build.0 = Debug|Any CPU
		{829D152B-BE06-4135-9751-95A122A8CD4C}.Debug|x64.ActiveCfg = Debug|Any CPU
		{829D152B-BE06-4135-9751-95A122A8CD4C}.Debug|x64.Build.0 = Debug|Any CPU
		{829D152B-BE06-4135-9751-95A122A8CD4C}.Debug|x86.ActiveCfg = Debug|Any CPU
		{829D152B-BE06-4135-9751-95A122A8CD4C}.Debug|x86.Build.0 = Debug|Any CPU
		{829D152B-BE06-4135-9751-95A122A8CD4C}.Release|Any CPU.ActiveCfg = Release|Any CPU
		{829D152B-BE06-4135-9751-95A122A8CD4C}.Release|Any CPU.Build.0 = Release|Any CPU
		{829D152B-BE06-4135-9751-95A122A8CD4C}.Release|x64.ActiveCfg = Release|Any CPU
		{829D152B-BE06-4135-9751-95A122A8CD4C}.Release|x64.Build.0 = Release|Any CPU
		{829D152B-BE06-4135-9751-95A122A8CD4C}.Release|x86.ActiveCfg = Release|Any CPU
		{829D152B-BE06-4135-9751-95A122A8CD4C}.Release|x86.Build.0 = Release|Any CPU
		{8A7DE08B-59EA-4640-AA52-4873A4CF93F8}.Debug|Any CPU.ActiveCfg = Debug|Any CPU
		{8A7DE08B-59EA-4640-AA52-4873A4CF93F8}.Debug|Any CPU.Build.0 = Debug|Any CPU
		{8A7DE08B-59EA-4640-AA52-4873A4CF93F8}.Debug|x64.ActiveCfg = Debug|Any CPU
		{8A7DE08B-59EA-4640-AA52-4873A4CF93F8}.Debug|x64.Build.0 = Debug|Any CPU
		{8A7DE08B-59EA-4640-AA52-4873A4CF93F8}.Debug|x86.ActiveCfg = Debug|Any CPU
		{8A7DE08B-59EA-4640-AA52-4873A4CF93F8}.Debug|x86.Build.0 = Debug|Any CPU
		{8A7DE08B-59EA-4640-AA52-4873A4CF93F8}.Release|Any CPU.ActiveCfg = Release|Any CPU
		{8A7DE08B-59EA-4640-AA52-4873A4CF93F8}.Release|Any CPU.Build.0 = Release|Any CPU
		{8A7DE08B-59EA-4640-AA52-4873A4CF93F8}.Release|x64.ActiveCfg = Release|Any CPU
		{8A7DE08B-59EA-4640-AA52-4873A4CF93F8}.Release|x64.Build.0 = Release|Any CPU
		{8A7DE08B-59EA-4640-AA52-4873A4CF93F8}.Release|x86.ActiveCfg = Release|Any CPU
		{8A7DE08B-59EA-4640-AA52-4873A4CF93F8}.Release|x86.Build.0 = Release|Any CPU
		{AF9A5F79-4BAC-4F4B-A894-489E4C8A27D3}.Debug|Any CPU.ActiveCfg = Debug|Any CPU
		{AF9A5F79-4BAC-4F4B-A894-489E4C8A27D3}.Debug|Any CPU.Build.0 = Debug|Any CPU
		{AF9A5F79-4BAC-4F4B-A894-489E4C8A27D3}.Debug|x64.ActiveCfg = Debug|Any CPU
		{AF9A5F79-4BAC-4F4B-A894-489E4C8A27D3}.Debug|x64.Build.0 = Debug|Any CPU
		{AF9A5F79-4BAC-4F4B-A894-489E4C8A27D3}.Debug|x86.ActiveCfg = Debug|Any CPU
		{AF9A5F79-4BAC-4F4B-A894-489E4C8A27D3}.Debug|x86.Build.0 = Debug|Any CPU
		{AF9A5F79-4BAC-4F4B-A894-489E4C8A27D3}.Release|Any CPU.ActiveCfg = Release|Any CPU
		{AF9A5F79-4BAC-4F4B-A894-489E4C8A27D3}.Release|Any CPU.Build.0 = Release|Any CPU
		{AF9A5F79-4BAC-4F4B-A894-489E4C8A27D3}.Release|x64.ActiveCfg = Release|Any CPU
		{AF9A5F79-4BAC-4F4B-A894-489E4C8A27D3}.Release|x64.Build.0 = Release|Any CPU
		{AF9A5F79-4BAC-4F4B-A894-489E4C8A27D3}.Release|x86.ActiveCfg = Release|Any CPU
		{AF9A5F79-4BAC-4F4B-A894-489E4C8A27D3}.Release|x86.Build.0 = Release|Any CPU
		{09C075E3-1DE7-4224-AAC7-1244D5830839}.Debug|Any CPU.ActiveCfg = Debug|Any CPU
		{09C075E3-1DE7-4224-AAC7-1244D5830839}.Debug|Any CPU.Build.0 = Debug|Any CPU
		{09C075E3-1DE7-4224-AAC7-1244D5830839}.Debug|x64.ActiveCfg = Debug|Any CPU
		{09C075E3-1DE7-4224-AAC7-1244D5830839}.Debug|x64.Build.0 = Debug|Any CPU
		{09C075E3-1DE7-4224-AAC7-1244D5830839}.Debug|x86.ActiveCfg = Debug|Any CPU
		{09C075E3-1DE7-4224-AAC7-1244D5830839}.Debug|x86.Build.0 = Debug|Any CPU
		{09C075E3-1DE7-4224-AAC7-1244D5830839}.Release|Any CPU.ActiveCfg = Release|Any CPU
		{09C075E3-1DE7-4224-AAC7-1244D5830839}.Release|Any CPU.Build.0 = Release|Any CPU
		{09C075E3-1DE7-4224-AAC7-1244D5830839}.Release|x64.ActiveCfg = Release|Any CPU
		{09C075E3-1DE7-4224-AAC7-1244D5830839}.Release|x64.Build.0 = Release|Any CPU
		{09C075E3-1DE7-4224-AAC7-1244D5830839}.Release|x86.ActiveCfg = Release|Any CPU
		{09C075E3-1DE7-4224-AAC7-1244D5830839}.Release|x86.Build.0 = Release|Any CPU
		{D75F6362-49C6-4AF3-AC6B-8AADE1B63D20}.Debug|Any CPU.ActiveCfg = Debug|Any CPU
		{D75F6362-49C6-4AF3-AC6B-8AADE1B63D20}.Debug|Any CPU.Build.0 = Debug|Any CPU
		{D75F6362-49C6-4AF3-AC6B-8AADE1B63D20}.Debug|x64.ActiveCfg = Debug|Any CPU
		{D75F6362-49C6-4AF3-AC6B-8AADE1B63D20}.Debug|x64.Build.0 = Debug|Any CPU
		{D75F6362-49C6-4AF3-AC6B-8AADE1B63D20}.Debug|x86.ActiveCfg = Debug|Any CPU
		{D75F6362-49C6-4AF3-AC6B-8AADE1B63D20}.Debug|x86.Build.0 = Debug|Any CPU
		{D75F6362-49C6-4AF3-AC6B-8AADE1B63D20}.Release|Any CPU.ActiveCfg = Release|Any CPU
		{D75F6362-49C6-4AF3-AC6B-8AADE1B63D20}.Release|Any CPU.Build.0 = Release|Any CPU
		{D75F6362-49C6-4AF3-AC6B-8AADE1B63D20}.Release|x64.ActiveCfg = Release|Any CPU
		{D75F6362-49C6-4AF3-AC6B-8AADE1B63D20}.Release|x64.Build.0 = Release|Any CPU
		{D75F6362-49C6-4AF3-AC6B-8AADE1B63D20}.Release|x86.ActiveCfg = Release|Any CPU
		{D75F6362-49C6-4AF3-AC6B-8AADE1B63D20}.Release|x86.Build.0 = Release|Any CPU
		{C8D1A357-9D79-41A6-B51F-AFA97FB8AC55}.Debug|Any CPU.ActiveCfg = Debug|Any CPU
		{C8D1A357-9D79-41A6-B51F-AFA97FB8AC55}.Debug|Any CPU.Build.0 = Debug|Any CPU
		{C8D1A357-9D79-41A6-B51F-AFA97FB8AC55}.Debug|x64.ActiveCfg = Debug|Any CPU
		{C8D1A357-9D79-41A6-B51F-AFA97FB8AC55}.Debug|x64.Build.0 = Debug|Any CPU
		{C8D1A357-9D79-41A6-B51F-AFA97FB8AC55}.Debug|x86.ActiveCfg = Debug|Any CPU
		{C8D1A357-9D79-41A6-B51F-AFA97FB8AC55}.Debug|x86.Build.0 = Debug|Any CPU
		{C8D1A357-9D79-41A6-B51F-AFA97FB8AC55}.Release|Any CPU.ActiveCfg = Release|Any CPU
		{C8D1A357-9D79-41A6-B51F-AFA97FB8AC55}.Release|Any CPU.Build.0 = Release|Any CPU
		{C8D1A357-9D79-41A6-B51F-AFA97FB8AC55}.Release|x64.ActiveCfg = Release|Any CPU
		{C8D1A357-9D79-41A6-B51F-AFA97FB8AC55}.Release|x64.Build.0 = Release|Any CPU
		{C8D1A357-9D79-41A6-B51F-AFA97FB8AC55}.Release|x86.ActiveCfg = Release|Any CPU
		{C8D1A357-9D79-41A6-B51F-AFA97FB8AC55}.Release|x86.Build.0 = Release|Any CPU
		{0BCCB4EF-01A4-44DF-9BE8-C2D987B1ECAC}.Debug|Any CPU.ActiveCfg = Debug|Any CPU
		{0BCCB4EF-01A4-44DF-9BE8-C2D987B1ECAC}.Debug|Any CPU.Build.0 = Debug|Any CPU
		{0BCCB4EF-01A4-44DF-9BE8-C2D987B1ECAC}.Debug|x64.ActiveCfg = Debug|Any CPU
		{0BCCB4EF-01A4-44DF-9BE8-C2D987B1ECAC}.Debug|x64.Build.0 = Debug|Any CPU
		{0BCCB4EF-01A4-44DF-9BE8-C2D987B1ECAC}.Debug|x86.ActiveCfg = Debug|Any CPU
		{0BCCB4EF-01A4-44DF-9BE8-C2D987B1ECAC}.Debug|x86.Build.0 = Debug|Any CPU
		{0BCCB4EF-01A4-44DF-9BE8-C2D987B1ECAC}.Release|Any CPU.ActiveCfg = Release|Any CPU
		{0BCCB4EF-01A4-44DF-9BE8-C2D987B1ECAC}.Release|Any CPU.Build.0 = Release|Any CPU
		{0BCCB4EF-01A4-44DF-9BE8-C2D987B1ECAC}.Release|x64.ActiveCfg = Release|Any CPU
		{0BCCB4EF-01A4-44DF-9BE8-C2D987B1ECAC}.Release|x64.Build.0 = Release|Any CPU
		{0BCCB4EF-01A4-44DF-9BE8-C2D987B1ECAC}.Release|x86.ActiveCfg = Release|Any CPU
		{0BCCB4EF-01A4-44DF-9BE8-C2D987B1ECAC}.Release|x86.Build.0 = Release|Any CPU
		{51CF38BB-7A43-4598-8907-6FFEDC053948}.Debug|Any CPU.ActiveCfg = Debug|Any CPU
		{51CF38BB-7A43-4598-8907-6FFEDC053948}.Debug|Any CPU.Build.0 = Debug|Any CPU
		{51CF38BB-7A43-4598-8907-6FFEDC053948}.Debug|x64.ActiveCfg = Debug|Any CPU
		{51CF38BB-7A43-4598-8907-6FFEDC053948}.Debug|x64.Build.0 = Debug|Any CPU
		{51CF38BB-7A43-4598-8907-6FFEDC053948}.Debug|x86.ActiveCfg = Debug|Any CPU
		{51CF38BB-7A43-4598-8907-6FFEDC053948}.Debug|x86.Build.0 = Debug|Any CPU
		{51CF38BB-7A43-4598-8907-6FFEDC053948}.Release|Any CPU.ActiveCfg = Release|Any CPU
		{51CF38BB-7A43-4598-8907-6FFEDC053948}.Release|Any CPU.Build.0 = Release|Any CPU
		{51CF38BB-7A43-4598-8907-6FFEDC053948}.Release|x64.ActiveCfg = Release|Any CPU
		{51CF38BB-7A43-4598-8907-6FFEDC053948}.Release|x64.Build.0 = Release|Any CPU
		{51CF38BB-7A43-4598-8907-6FFEDC053948}.Release|x86.ActiveCfg = Release|Any CPU
		{51CF38BB-7A43-4598-8907-6FFEDC053948}.Release|x86.Build.0 = Release|Any CPU
		{75A927CB-B049-4015-A90A-B6F274BE572E}.Debug|Any CPU.ActiveCfg = Debug|Any CPU
		{75A927CB-B049-4015-A90A-B6F274BE572E}.Debug|Any CPU.Build.0 = Debug|Any CPU
		{75A927CB-B049-4015-A90A-B6F274BE572E}.Debug|x64.ActiveCfg = Debug|Any CPU
		{75A927CB-B049-4015-A90A-B6F274BE572E}.Debug|x64.Build.0 = Debug|Any CPU
		{75A927CB-B049-4015-A90A-B6F274BE572E}.Debug|x86.ActiveCfg = Debug|Any CPU
		{75A927CB-B049-4015-A90A-B6F274BE572E}.Debug|x86.Build.0 = Debug|Any CPU
		{75A927CB-B049-4015-A90A-B6F274BE572E}.Release|Any CPU.ActiveCfg = Release|Any CPU
		{75A927CB-B049-4015-A90A-B6F274BE572E}.Release|Any CPU.Build.0 = Release|Any CPU
		{75A927CB-B049-4015-A90A-B6F274BE572E}.Release|x64.ActiveCfg = Release|Any CPU
		{75A927CB-B049-4015-A90A-B6F274BE572E}.Release|x64.Build.0 = Release|Any CPU
		{75A927CB-B049-4015-A90A-B6F274BE572E}.Release|x86.ActiveCfg = Release|Any CPU
		{75A927CB-B049-4015-A90A-B6F274BE572E}.Release|x86.Build.0 = Release|Any CPU
		{BAFCE103-1106-484D-94A9-EDB2C021B9B3}.Debug|Any CPU.ActiveCfg = Debug|Any CPU
		{BAFCE103-1106-484D-94A9-EDB2C021B9B3}.Debug|Any CPU.Build.0 = Debug|Any CPU
		{BAFCE103-1106-484D-94A9-EDB2C021B9B3}.Debug|x64.ActiveCfg = Debug|Any CPU
		{BAFCE103-1106-484D-94A9-EDB2C021B9B3}.Debug|x64.Build.0 = Debug|Any CPU
		{BAFCE103-1106-484D-94A9-EDB2C021B9B3}.Debug|x86.ActiveCfg = Debug|Any CPU
		{BAFCE103-1106-484D-94A9-EDB2C021B9B3}.Debug|x86.Build.0 = Debug|Any CPU
		{BAFCE103-1106-484D-94A9-EDB2C021B9B3}.Release|Any CPU.ActiveCfg = Release|Any CPU
		{BAFCE103-1106-484D-94A9-EDB2C021B9B3}.Release|Any CPU.Build.0 = Release|Any CPU
		{BAFCE103-1106-484D-94A9-EDB2C021B9B3}.Release|x64.ActiveCfg = Release|Any CPU
		{BAFCE103-1106-484D-94A9-EDB2C021B9B3}.Release|x64.Build.0 = Release|Any CPU
		{BAFCE103-1106-484D-94A9-EDB2C021B9B3}.Release|x86.ActiveCfg = Release|Any CPU
		{BAFCE103-1106-484D-94A9-EDB2C021B9B3}.Release|x86.Build.0 = Release|Any CPU
		{4AA32477-D39D-4A1C-9671-2CA52F8AA39B}.Debug|Any CPU.ActiveCfg = Debug|Any CPU
		{4AA32477-D39D-4A1C-9671-2CA52F8AA39B}.Debug|Any CPU.Build.0 = Debug|Any CPU
		{4AA32477-D39D-4A1C-9671-2CA52F8AA39B}.Debug|x64.ActiveCfg = Debug|Any CPU
		{4AA32477-D39D-4A1C-9671-2CA52F8AA39B}.Debug|x64.Build.0 = Debug|Any CPU
		{4AA32477-D39D-4A1C-9671-2CA52F8AA39B}.Debug|x86.ActiveCfg = Debug|Any CPU
		{4AA32477-D39D-4A1C-9671-2CA52F8AA39B}.Debug|x86.Build.0 = Debug|Any CPU
		{4AA32477-D39D-4A1C-9671-2CA52F8AA39B}.Release|Any CPU.ActiveCfg = Release|Any CPU
		{4AA32477-D39D-4A1C-9671-2CA52F8AA39B}.Release|Any CPU.Build.0 = Release|Any CPU
		{4AA32477-D39D-4A1C-9671-2CA52F8AA39B}.Release|x64.ActiveCfg = Release|Any CPU
		{4AA32477-D39D-4A1C-9671-2CA52F8AA39B}.Release|x64.Build.0 = Release|Any CPU
		{4AA32477-D39D-4A1C-9671-2CA52F8AA39B}.Release|x86.ActiveCfg = Release|Any CPU
		{4AA32477-D39D-4A1C-9671-2CA52F8AA39B}.Release|x86.Build.0 = Release|Any CPU
		{AC5C8E1E-7570-422A-BF17-BA92CF572EA7}.Debug|Any CPU.ActiveCfg = Debug|Any CPU
		{AC5C8E1E-7570-422A-BF17-BA92CF572EA7}.Debug|Any CPU.Build.0 = Debug|Any CPU
		{AC5C8E1E-7570-422A-BF17-BA92CF572EA7}.Debug|x64.ActiveCfg = Debug|Any CPU
		{AC5C8E1E-7570-422A-BF17-BA92CF572EA7}.Debug|x64.Build.0 = Debug|Any CPU
		{AC5C8E1E-7570-422A-BF17-BA92CF572EA7}.Debug|x86.ActiveCfg = Debug|Any CPU
		{AC5C8E1E-7570-422A-BF17-BA92CF572EA7}.Debug|x86.Build.0 = Debug|Any CPU
		{AC5C8E1E-7570-422A-BF17-BA92CF572EA7}.Release|Any CPU.ActiveCfg = Release|Any CPU
		{AC5C8E1E-7570-422A-BF17-BA92CF572EA7}.Release|Any CPU.Build.0 = Release|Any CPU
		{AC5C8E1E-7570-422A-BF17-BA92CF572EA7}.Release|x64.ActiveCfg = Release|Any CPU
		{AC5C8E1E-7570-422A-BF17-BA92CF572EA7}.Release|x64.Build.0 = Release|Any CPU
		{AC5C8E1E-7570-422A-BF17-BA92CF572EA7}.Release|x86.ActiveCfg = Release|Any CPU
		{AC5C8E1E-7570-422A-BF17-BA92CF572EA7}.Release|x86.Build.0 = Release|Any CPU
		{AAB18AD3-20E6-4F12-A850-9358AA4E2CF7}.Debug|Any CPU.ActiveCfg = Debug|Any CPU
		{AAB18AD3-20E6-4F12-A850-9358AA4E2CF7}.Debug|Any CPU.Build.0 = Debug|Any CPU
		{AAB18AD3-20E6-4F12-A850-9358AA4E2CF7}.Debug|x64.ActiveCfg = Debug|Any CPU
		{AAB18AD3-20E6-4F12-A850-9358AA4E2CF7}.Debug|x64.Build.0 = Debug|Any CPU
		{AAB18AD3-20E6-4F12-A850-9358AA4E2CF7}.Debug|x86.ActiveCfg = Debug|Any CPU
		{AAB18AD3-20E6-4F12-A850-9358AA4E2CF7}.Debug|x86.Build.0 = Debug|Any CPU
		{AAB18AD3-20E6-4F12-A850-9358AA4E2CF7}.Release|Any CPU.ActiveCfg = Release|Any CPU
		{AAB18AD3-20E6-4F12-A850-9358AA4E2CF7}.Release|Any CPU.Build.0 = Release|Any CPU
		{AAB18AD3-20E6-4F12-A850-9358AA4E2CF7}.Release|x64.ActiveCfg = Release|Any CPU
		{AAB18AD3-20E6-4F12-A850-9358AA4E2CF7}.Release|x64.Build.0 = Release|Any CPU
		{AAB18AD3-20E6-4F12-A850-9358AA4E2CF7}.Release|x86.ActiveCfg = Release|Any CPU
		{AAB18AD3-20E6-4F12-A850-9358AA4E2CF7}.Release|x86.Build.0 = Release|Any CPU
		{82603056-CCC9-4C86-A45E-1966774552D6}.Debug|Any CPU.ActiveCfg = Debug|Any CPU
		{82603056-CCC9-4C86-A45E-1966774552D6}.Debug|Any CPU.Build.0 = Debug|Any CPU
		{82603056-CCC9-4C86-A45E-1966774552D6}.Debug|x64.ActiveCfg = Debug|Any CPU
		{82603056-CCC9-4C86-A45E-1966774552D6}.Debug|x64.Build.0 = Debug|Any CPU
		{82603056-CCC9-4C86-A45E-1966774552D6}.Debug|x86.ActiveCfg = Debug|Any CPU
		{82603056-CCC9-4C86-A45E-1966774552D6}.Debug|x86.Build.0 = Debug|Any CPU
		{82603056-CCC9-4C86-A45E-1966774552D6}.Release|Any CPU.ActiveCfg = Release|Any CPU
		{82603056-CCC9-4C86-A45E-1966774552D6}.Release|Any CPU.Build.0 = Release|Any CPU
		{82603056-CCC9-4C86-A45E-1966774552D6}.Release|x64.ActiveCfg = Release|Any CPU
		{82603056-CCC9-4C86-A45E-1966774552D6}.Release|x64.Build.0 = Release|Any CPU
		{82603056-CCC9-4C86-A45E-1966774552D6}.Release|x86.ActiveCfg = Release|Any CPU
		{82603056-CCC9-4C86-A45E-1966774552D6}.Release|x86.Build.0 = Release|Any CPU
		{465B9A6D-BC70-4791-BA00-42035AB0B7C9}.Debug|Any CPU.ActiveCfg = Debug|Any CPU
		{465B9A6D-BC70-4791-BA00-42035AB0B7C9}.Debug|Any CPU.Build.0 = Debug|Any CPU
		{465B9A6D-BC70-4791-BA00-42035AB0B7C9}.Debug|x64.ActiveCfg = Debug|Any CPU
		{465B9A6D-BC70-4791-BA00-42035AB0B7C9}.Debug|x64.Build.0 = Debug|Any CPU
		{465B9A6D-BC70-4791-BA00-42035AB0B7C9}.Debug|x86.ActiveCfg = Debug|Any CPU
		{465B9A6D-BC70-4791-BA00-42035AB0B7C9}.Debug|x86.Build.0 = Debug|Any CPU
		{465B9A6D-BC70-4791-BA00-42035AB0B7C9}.Release|Any CPU.ActiveCfg = Release|Any CPU
		{465B9A6D-BC70-4791-BA00-42035AB0B7C9}.Release|Any CPU.Build.0 = Release|Any CPU
		{465B9A6D-BC70-4791-BA00-42035AB0B7C9}.Release|x64.ActiveCfg = Release|Any CPU
		{465B9A6D-BC70-4791-BA00-42035AB0B7C9}.Release|x64.Build.0 = Release|Any CPU
		{465B9A6D-BC70-4791-BA00-42035AB0B7C9}.Release|x86.ActiveCfg = Release|Any CPU
		{465B9A6D-BC70-4791-BA00-42035AB0B7C9}.Release|x86.Build.0 = Release|Any CPU
		{60995F44-575B-4181-BEB8-09842C619558}.Debug|Any CPU.ActiveCfg = Debug|Any CPU
		{60995F44-575B-4181-BEB8-09842C619558}.Debug|Any CPU.Build.0 = Debug|Any CPU
		{60995F44-575B-4181-BEB8-09842C619558}.Debug|x64.ActiveCfg = Debug|Any CPU
		{60995F44-575B-4181-BEB8-09842C619558}.Debug|x64.Build.0 = Debug|Any CPU
		{60995F44-575B-4181-BEB8-09842C619558}.Debug|x86.ActiveCfg = Debug|Any CPU
		{60995F44-575B-4181-BEB8-09842C619558}.Debug|x86.Build.0 = Debug|Any CPU
		{60995F44-575B-4181-BEB8-09842C619558}.Release|Any CPU.ActiveCfg = Release|Any CPU
		{60995F44-575B-4181-BEB8-09842C619558}.Release|Any CPU.Build.0 = Release|Any CPU
		{60995F44-575B-4181-BEB8-09842C619558}.Release|x64.ActiveCfg = Release|Any CPU
		{60995F44-575B-4181-BEB8-09842C619558}.Release|x64.Build.0 = Release|Any CPU
		{60995F44-575B-4181-BEB8-09842C619558}.Release|x86.ActiveCfg = Release|Any CPU
		{60995F44-575B-4181-BEB8-09842C619558}.Release|x86.Build.0 = Release|Any CPU
		{5112CB42-AE06-4328-D15D-A9E11A4D17B8}.Debug|Any CPU.ActiveCfg = Debug|Any CPU
		{5112CB42-AE06-4328-D15D-A9E11A4D17B8}.Debug|Any CPU.Build.0 = Debug|Any CPU
		{5112CB42-AE06-4328-D15D-A9E11A4D17B8}.Debug|x64.ActiveCfg = Debug|Any CPU
		{5112CB42-AE06-4328-D15D-A9E11A4D17B8}.Debug|x64.Build.0 = Debug|Any CPU
		{5112CB42-AE06-4328-D15D-A9E11A4D17B8}.Debug|x86.ActiveCfg = Debug|Any CPU
		{5112CB42-AE06-4328-D15D-A9E11A4D17B8}.Debug|x86.Build.0 = Debug|Any CPU
		{5112CB42-AE06-4328-D15D-A9E11A4D17B8}.Release|Any CPU.ActiveCfg = Release|Any CPU
		{5112CB42-AE06-4328-D15D-A9E11A4D17B8}.Release|Any CPU.Build.0 = Release|Any CPU
		{5112CB42-AE06-4328-D15D-A9E11A4D17B8}.Release|x64.ActiveCfg = Release|Any CPU
		{5112CB42-AE06-4328-D15D-A9E11A4D17B8}.Release|x64.Build.0 = Release|Any CPU
		{5112CB42-AE06-4328-D15D-A9E11A4D17B8}.Release|x86.ActiveCfg = Release|Any CPU
		{5112CB42-AE06-4328-D15D-A9E11A4D17B8}.Release|x86.Build.0 = Release|Any CPU
		{5091E21E-1D47-484F-9DE6-690E50C86EA4}.Debug|Any CPU.ActiveCfg = Debug|Any CPU
		{5091E21E-1D47-484F-9DE6-690E50C86EA4}.Debug|Any CPU.Build.0 = Debug|Any CPU
		{5091E21E-1D47-484F-9DE6-690E50C86EA4}.Debug|x64.ActiveCfg = Debug|Any CPU
		{5091E21E-1D47-484F-9DE6-690E50C86EA4}.Debug|x64.Build.0 = Debug|Any CPU
		{5091E21E-1D47-484F-9DE6-690E50C86EA4}.Debug|x86.ActiveCfg = Debug|Any CPU
		{5091E21E-1D47-484F-9DE6-690E50C86EA4}.Debug|x86.Build.0 = Debug|Any CPU
		{5091E21E-1D47-484F-9DE6-690E50C86EA4}.Release|Any CPU.ActiveCfg = Release|Any CPU
		{5091E21E-1D47-484F-9DE6-690E50C86EA4}.Release|Any CPU.Build.0 = Release|Any CPU
		{5091E21E-1D47-484F-9DE6-690E50C86EA4}.Release|x64.ActiveCfg = Release|Any CPU
		{5091E21E-1D47-484F-9DE6-690E50C86EA4}.Release|x64.Build.0 = Release|Any CPU
		{5091E21E-1D47-484F-9DE6-690E50C86EA4}.Release|x86.ActiveCfg = Release|Any CPU
		{5091E21E-1D47-484F-9DE6-690E50C86EA4}.Release|x86.Build.0 = Release|Any CPU
		{EBA6A46A-4F74-4C18-8319-8580B557F5E7}.Debug|Any CPU.ActiveCfg = Debug|Any CPU
		{EBA6A46A-4F74-4C18-8319-8580B557F5E7}.Debug|Any CPU.Build.0 = Debug|Any CPU
		{EBA6A46A-4F74-4C18-8319-8580B557F5E7}.Debug|x64.ActiveCfg = Debug|Any CPU
		{EBA6A46A-4F74-4C18-8319-8580B557F5E7}.Debug|x64.Build.0 = Debug|Any CPU
		{EBA6A46A-4F74-4C18-8319-8580B557F5E7}.Debug|x86.ActiveCfg = Debug|Any CPU
		{EBA6A46A-4F74-4C18-8319-8580B557F5E7}.Debug|x86.Build.0 = Debug|Any CPU
		{EBA6A46A-4F74-4C18-8319-8580B557F5E7}.Release|Any CPU.ActiveCfg = Release|Any CPU
		{EBA6A46A-4F74-4C18-8319-8580B557F5E7}.Release|Any CPU.Build.0 = Release|Any CPU
		{EBA6A46A-4F74-4C18-8319-8580B557F5E7}.Release|x64.ActiveCfg = Release|Any CPU
		{EBA6A46A-4F74-4C18-8319-8580B557F5E7}.Release|x64.Build.0 = Release|Any CPU
		{EBA6A46A-4F74-4C18-8319-8580B557F5E7}.Release|x86.ActiveCfg = Release|Any CPU
		{EBA6A46A-4F74-4C18-8319-8580B557F5E7}.Release|x86.Build.0 = Release|Any CPU
		{5BF0C570-400C-4F08-A155-0EAAFBE74AC7}.Debug|Any CPU.ActiveCfg = Debug|Any CPU
		{5BF0C570-400C-4F08-A155-0EAAFBE74AC7}.Debug|Any CPU.Build.0 = Debug|Any CPU
		{5BF0C570-400C-4F08-A155-0EAAFBE74AC7}.Debug|x64.ActiveCfg = Debug|Any CPU
		{5BF0C570-400C-4F08-A155-0EAAFBE74AC7}.Debug|x64.Build.0 = Debug|Any CPU
		{5BF0C570-400C-4F08-A155-0EAAFBE74AC7}.Debug|x86.ActiveCfg = Debug|Any CPU
		{5BF0C570-400C-4F08-A155-0EAAFBE74AC7}.Debug|x86.Build.0 = Debug|Any CPU
		{5BF0C570-400C-4F08-A155-0EAAFBE74AC7}.Release|Any CPU.ActiveCfg = Release|Any CPU
		{5BF0C570-400C-4F08-A155-0EAAFBE74AC7}.Release|Any CPU.Build.0 = Release|Any CPU
		{5BF0C570-400C-4F08-A155-0EAAFBE74AC7}.Release|x64.ActiveCfg = Release|Any CPU
		{5BF0C570-400C-4F08-A155-0EAAFBE74AC7}.Release|x64.Build.0 = Release|Any CPU
		{5BF0C570-400C-4F08-A155-0EAAFBE74AC7}.Release|x86.ActiveCfg = Release|Any CPU
		{5BF0C570-400C-4F08-A155-0EAAFBE74AC7}.Release|x86.Build.0 = Release|Any CPU
		{C6EB1455-9223-45E5-B859-3D0777BB5992}.Debug|Any CPU.ActiveCfg = Debug|Any CPU
		{C6EB1455-9223-45E5-B859-3D0777BB5992}.Debug|Any CPU.Build.0 = Debug|Any CPU
		{C6EB1455-9223-45E5-B859-3D0777BB5992}.Debug|x64.ActiveCfg = Debug|Any CPU
		{C6EB1455-9223-45E5-B859-3D0777BB5992}.Debug|x64.Build.0 = Debug|Any CPU
		{C6EB1455-9223-45E5-B859-3D0777BB5992}.Debug|x86.ActiveCfg = Debug|Any CPU
		{C6EB1455-9223-45E5-B859-3D0777BB5992}.Debug|x86.Build.0 = Debug|Any CPU
		{C6EB1455-9223-45E5-B859-3D0777BB5992}.Release|Any CPU.ActiveCfg = Release|Any CPU
		{C6EB1455-9223-45E5-B859-3D0777BB5992}.Release|Any CPU.Build.0 = Release|Any CPU
		{C6EB1455-9223-45E5-B859-3D0777BB5992}.Release|x64.ActiveCfg = Release|Any CPU
		{C6EB1455-9223-45E5-B859-3D0777BB5992}.Release|x64.Build.0 = Release|Any CPU
		{C6EB1455-9223-45E5-B859-3D0777BB5992}.Release|x86.ActiveCfg = Release|Any CPU
		{C6EB1455-9223-45E5-B859-3D0777BB5992}.Release|x86.Build.0 = Release|Any CPU
	EndGlobalSection
	GlobalSection(SolutionProperties) = preSolution
		HideSolutionNode = FALSE
	EndGlobalSection
	GlobalSection(NestedProjects) = preSolution
		{C835AA62-429E-0CF2-9F33-95AAB8DDE4ED} = {582F44EA-20A7-E0FC-B733-811490F3F7BF}
		{99824C76-D75A-4D7E-803C-420B0390E5AA} = {C835AA62-429E-0CF2-9F33-95AAB8DDE4ED}
		{31B1B5FA-BD72-47E9-A8A6-03E5CE31182C} = {C835AA62-429E-0CF2-9F33-95AAB8DDE4ED}
		{1868EAA5-4879-480B-864B-98DE889FA4B8} = {C835AA62-429E-0CF2-9F33-95AAB8DDE4ED}
		{830BC8EE-D6FB-434D-8D3D-840EF77716A4} = {C835AA62-429E-0CF2-9F33-95AAB8DDE4ED}
		{A696018C-2ABA-3EFD-1722-717FD5C777D4} = {C1FA3A57-3548-B566-D568-83AA28591B08}
		{6F5DA6DD-0193-4CC6-8BB7-527C0C27F593} = {A696018C-2ABA-3EFD-1722-717FD5C777D4}
		{DD4B5317-2699-437D-846C-B26EDAA55F49} = {A696018C-2ABA-3EFD-1722-717FD5C777D4}
		{6F801985-E889-4861-91C4-DFECB89975A8} = {A696018C-2ABA-3EFD-1722-717FD5C777D4}
		{CE3B1885-40AA-4A39-8373-BF21CA502EDE} = {A696018C-2ABA-3EFD-1722-717FD5C777D4}
		{37D2CEC0-1C7F-475D-91D7-92B7C068EE14} = {A696018C-2ABA-3EFD-1722-717FD5C777D4}
		{1341DAF6-A4E7-8639-55CD-05D7E2715A31} = {C835AA62-429E-0CF2-9F33-95AAB8DDE4ED}
		{EC3D4EDC-3E3D-4D88-88B2-C6760E7D47D1} = {1341DAF6-A4E7-8639-55CD-05D7E2715A31}
		{ADFD04A3-67A1-4A7B-AD6E-220DBAF094DB} = {1341DAF6-A4E7-8639-55CD-05D7E2715A31}
		{C0747B33-60E4-477D-95CA-2009C4967FC9} = {1341DAF6-A4E7-8639-55CD-05D7E2715A31}
		{A14F4AAC-CFF1-48E1-9849-A4650DA17022} = {1341DAF6-A4E7-8639-55CD-05D7E2715A31}
		{43160D4D-A87F-4B54-8B6F-F64E92F33FE7} = {1341DAF6-A4E7-8639-55CD-05D7E2715A31}
		{10CFE568-EC39-7715-D0A1-0C673C9A1ADD} = {CD6FB1AB-95BD-FE58-A810-34B80E1427B7}
		{BBA3DF52-3612-4297-9429-AFD2D50905FE} = {10CFE568-EC39-7715-D0A1-0C673C9A1ADD}
		{CDDA70FC-FA5B-47FB-A064-07C2DEB6657F} = {10CFE568-EC39-7715-D0A1-0C673C9A1ADD}
		{3F656986-E99D-4960-932C-1C25FF9D69F1} = {10CFE568-EC39-7715-D0A1-0C673C9A1ADD}
		{829D152B-BE06-4135-9751-95A122A8CD4C} = {10CFE568-EC39-7715-D0A1-0C673C9A1ADD}
		{8A7DE08B-59EA-4640-AA52-4873A4CF93F8} = {10CFE568-EC39-7715-D0A1-0C673C9A1ADD}
		{AF9A5F79-4BAC-4F4B-A894-489E4C8A27D3} = {10CFE568-EC39-7715-D0A1-0C673C9A1ADD}
		{09C075E3-1DE7-4224-AAC7-1244D5830839} = {10CFE568-EC39-7715-D0A1-0C673C9A1ADD}
		{D75F6362-49C6-4AF3-AC6B-8AADE1B63D20} = {2CE4C434-ECA8-4D8C-4DE1-22A7DD300D04}
		{C8D1A357-9D79-41A6-B51F-AFA97FB8AC55} = {2CE4C434-ECA8-4D8C-4DE1-22A7DD300D04}
		{23193BA2-8267-92C2-A815-36148924A335} = {C1FA3A57-3548-B566-D568-83AA28591B08}
		{0BCCB4EF-01A4-44DF-9BE8-C2D987B1ECAC} = {23193BA2-8267-92C2-A815-36148924A335}
		{51CF38BB-7A43-4598-8907-6FFEDC053948} = {23193BA2-8267-92C2-A815-36148924A335}
		{53ED0BDA-BC35-8920-29B6-E9F57F5B391D} = {CD6FB1AB-95BD-FE58-A810-34B80E1427B7}
		{75A927CB-B049-4015-A90A-B6F274BE572E} = {53ED0BDA-BC35-8920-29B6-E9F57F5B391D}
		{4ED5F429-2EA0-8E89-3D0D-4558043B8257} = {582F44EA-20A7-E0FC-B733-811490F3F7BF}
		{BAFCE103-1106-484D-94A9-EDB2C021B9B3} = {4ED5F429-2EA0-8E89-3D0D-4558043B8257}
		{4AA32477-D39D-4A1C-9671-2CA52F8AA39B} = {4ED5F429-2EA0-8E89-3D0D-4558043B8257}
		{AC5C8E1E-7570-422A-BF17-BA92CF572EA7} = {4ED5F429-2EA0-8E89-3D0D-4558043B8257}
		{AAB18AD3-20E6-4F12-A850-9358AA4E2CF7} = {4ED5F429-2EA0-8E89-3D0D-4558043B8257}
		{82603056-CCC9-4C86-A45E-1966774552D6} = {4ED5F429-2EA0-8E89-3D0D-4558043B8257}
		{465B9A6D-BC70-4791-BA00-42035AB0B7C9} = {4ED5F429-2EA0-8E89-3D0D-4558043B8257}
		{60995F44-575B-4181-BEB8-09842C619558} = {4ED5F429-2EA0-8E89-3D0D-4558043B8257}
		{5112CB42-AE06-4328-D15D-A9E11A4D17B8} = {1341DAF6-A4E7-8639-55CD-05D7E2715A31}
		{BB97EA8B-2726-4A8C-B553-55898714A061} = {FBB2E6BF-BBB8-4540-ACC7-61E7EB7005ED}
		{D1CFEDDC-DC75-481B-B7DD-F918C6106013} = {FBB2E6BF-BBB8-4540-ACC7-61E7EB7005ED}
		{B756B4F6-1DE1-4C3E-8267-4B27FA3429B4} = {FBB2E6BF-BBB8-4540-ACC7-61E7EB7005ED}
		{5091E21E-1D47-484F-9DE6-690E50C86EA4} = {53ED0BDA-BC35-8920-29B6-E9F57F5B391D}
		{37BDC94C-95FE-372F-CB2E-011CEC60450D} = {19EA2B12-7525-D1CA-1FE9-E9E1DB6BBDD3}
		{EBA6A46A-4F74-4C18-8319-8580B557F5E7} = {37BDC94C-95FE-372F-CB2E-011CEC60450D}
		{5BF0C570-400C-4F08-A155-0EAAFBE74AC7} = {37BDC94C-95FE-372F-CB2E-011CEC60450D}
		{C6EB1455-9223-45E5-B859-3D0777BB5992} = {37BDC94C-95FE-372F-CB2E-011CEC60450D}
	EndGlobalSection
	GlobalSection(ExtensibilityGlobals) = postSolution
		SolutionGuid = {3A1F51D5-4571-413D-BF6F-AD8971EA0715}
	EndGlobalSection
EndGlobal
