
Microsoft Visual Studio Solution File, Format Version 12.00
# Visual Studio Version 17
VisualStudioVersion = 17.0.31903.59
MinimumVisualStudioVersion = 10.0.40219.1
Project("{2150E333-8FDC-42A3-9474-1A3956D46DE8}") = "src", "src", "{32BC0983-9848-4EE2-97FF-4AFC8135B20D}"
EndProject
Project("{FAE04EC0-301F-11D3-BF4B-00C04F79EFBC}") = "Main.WebApi", "src\Main.WebApi\Main.WebApi.csproj", "{E43DDB5C-04FE-4300-964B-2018CB784B97}"
EndProject
Project("{FAE04EC0-301F-11D3-BF4B-00C04F79EFBC}") = "Main.Service.Interface", "src\Main.Service.Interface\Main.Service.Interface.csproj", "{157613C8-5A0D-47A0-AB39-17EB7E71AEEB}"
EndProject
Project("{FAE04EC0-301F-11D3-BF4B-00C04F79EFBC}") = "Main.Service", "src\Main.Service\Main.Service.csproj", "{95957D83-9364-42D2-B7AC-DAF2DC83BDAF}"
EndProject
Project("{FAE04EC0-301F-11D3-BF4B-00C04F79EFBC}") = "Main.Domain", "src\Main.Domain\Main.Domain.csproj", "{A9243ED7-AD6C-4C32-9534-599F4F30157A}"
EndProject
Project("{FAE04EC0-301F-11D3-BF4B-00C04F79EFBC}") = "Main.Repository", "src\Main.Repository\Main.Repository.csproj", "{027A87E3-0A7B-42AC-B6DB-4E1008E1E986}"
EndProject
Project("{FAE04EC0-301F-11D3-BF4B-00C04F79EFBC}") = "Main.Infrastructure", "src\Main.Infrastructure\Main.Infrastructure.csproj", "{CA9D7F54-9015-46D1-A982-E46AF3397D8A}"
EndProject
Project("{2150E333-8FDC-42A3-9474-1A3956D46DE8}") = "API", "API", "{6EC95BA9-FF2C-42EE-ADEF-119CBF68EE67}"
EndProject
Project("{2150E333-8FDC-42A3-9474-1A3956D46DE8}") = "Service", "Service", "{931F974D-E7D6-4F5B-AE84-CF93AF07E548}"
EndProject
Project("{2150E333-8FDC-42A3-9474-1A3956D46DE8}") = "Domain", "Domain", "{238DF3EF-0582-4001-95FC-1C9EC342D315}"
EndProject
Project("{2150E333-8FDC-42A3-9474-1A3956D46DE8}") = "Infrastructure", "Infrastructure", "{891BB153-E3C3-47EE-97FE-D432B55A864B}"
EndProject
Project("{2150E333-8FDC-42A3-9474-1A3956D46DE8}") = "Solution Items", "Solution Items", "{1B714BED-595A-4705-98B5-F53822CDF9FA}"
	ProjectSection(SolutionItems) = preProject
		..\.editorconfig = ..\.editorconfig
		.gitignore = .gitignore
		Directory.Packages.props = Directory.Packages.props
		README.md = README.md
		README.Template.md = README.Template.md
		Set-IIS-EnvVar.ps1 = Set-IIS-EnvVar.ps1
	EndProjectSection
EndProject
Project("{2150E333-8FDC-42A3-9474-1A3956D46DE8}") = "base", "base", "{E2CA490B-3AF4-46B9-9C42-D791567FF88D}"
EndProject
Project("{FAE04EC0-301F-11D3-BF4B-00C04F79EFBC}") = "Base.Domain", "..\Base\src\Base.Domain\Base.Domain.csproj", "{F7FAF978-E2E4-4935-85D4-DAFF5FBE7D4D}"
EndProject
Project("{FAE04EC0-301F-11D3-BF4B-00C04F79EFBC}") = "Base.Infrastructure", "..\Base\src\Base.Infrastructure\Base.Infrastructure.csproj", "{3A1C6684-66F9-4017-8FFD-820BD209486A}"
EndProject
Project("{FAE04EC0-301F-11D3-BF4B-00C04F79EFBC}") = "Base.Infrastructure.Interface", "..\Base\src\Base.Infrastructure.Interface\Base.Infrastructure.Interface.csproj", "{45618370-8C1C-4245-BE1B-D271A221C3DE}"
EndProject
Project("{FAE04EC0-301F-11D3-BF4B-00C04F79EFBC}") = "Base.Infrastructure.Toolkits", "..\Base\src\Base.Infrastructure.Toolkits\Base.Infrastructure.Toolkits.csproj", "{3DC80604-C454-4560-BC46-64C1D43101A7}"
EndProject
Project("{2150E333-8FDC-42A3-9474-1A3956D46DE8}") = "service", "service", "{C4C12952-1B54-4AE5-A6F8-FCDFD3E30FDA}"
EndProject
Project("{FAE04EC0-301F-11D3-BF4B-00C04F79EFBC}") = "Base.Aspose", "..\Base\src\service\Base.Aspose\Base.Aspose.csproj", "{1FD1D9D0-B00B-46EB-B885-E569848525FC}"
EndProject
Project("{FAE04EC0-301F-11D3-BF4B-00C04F79EFBC}") = "Base.Authentication", "..\Base\src\service\Base.Authentication\Base.Authentication.csproj", "{CE7F7F56-F2CD-4FED-9691-2C6C573A4054}"
EndProject
Project("{FAE04EC0-301F-11D3-BF4B-00C04F79EFBC}") = "Base.Files", "..\Base\src\service\Base.File\Base.Files.csproj", "{46A87922-9CE2-4893-BB72-FF16CFFEA9B6}"
EndProject
Project("{FAE04EC0-301F-11D3-BF4B-00C04F79EFBC}") = "Base.Hangfire", "..\Base\src\service\Base.Hangfire\Base.Hangfire.csproj", "{139E6FD7-547E-4CF0-9154-2A2001493111}"
EndProject
Project("{FAE04EC0-301F-11D3-BF4B-00C04F79EFBC}") = "Base.Mail", "..\Base\src\service\Base.Mail\Base.Mail.csproj", "{C82DF3D3-1336-4297-A3AD-5738FCDB110D}"
EndProject
Project("{FAE04EC0-301F-11D3-BF4B-00C04F79EFBC}") = "Base.NPOI", "..\Base\src\service\Base.NPOI\Base.NPOI.csproj", "{93612366-ED25-4921-B022-A2B7AFCD0BB6}"
EndProject
Project("{FAE04EC0-301F-11D3-BF4B-00C04F79EFBC}") = "Base.Security", "..\Base\src\service\Base.Security\Base.Security.csproj", "{ED90DE6D-04CE-45AD-8393-F7C5C70A60AB}"
EndProject
Project("{2150E333-8FDC-42A3-9474-1A3956D46DE8}") = "aspire", "aspire", "{A3800F04-BC3E-434B-B2EB-A0FDBEF88F93}"
EndProject
Project("{FAE04EC0-301F-11D3-BF4B-00C04F79EFBC}") = "Aspire.ServiceDefaults", "..\Aspire\Aspire.ServiceDefaults\Aspire.ServiceDefaults.csproj", "{DD845E75-C55B-4435-93B5-F2164F1E87EA}"
EndProject
Project("{2150E333-8FDC-42A3-9474-1A3956D46DE8}") = "test", "test", "{0C88DD14-F956-CE84-757C-A364CCF449FC}"
EndProject
Project("{FAE04EC0-301F-11D3-BF4B-00C04F79EFBC}") = "Main.WebApi.Test", "test\Main.WebApi.Test\Main.WebApi.Test.csproj", "{1E8B0DEC-D8EB-42FE-B809-07FD53DA6EDC}"
EndProject
Project("{FAE04EC0-301F-11D3-BF4B-00C04F79EFBC}") = "Aspire.AppHost", "..\Aspire\Aspire.AppHost\Aspire.AppHost.csproj", "{575407CB-9A14-0154-68FE-7E699F8C39E6}"
EndProject
Global
	GlobalSection(SolutionConfigurationPlatforms) = preSolution
		Debug|Any CPU = Debug|Any CPU
		Debug|x64 = Debug|x64
		Debug|x86 = Debug|x86
		Release|Any CPU = Release|Any CPU
		Release|x64 = Release|x64
		Release|x86 = Release|x86
	EndGlobalSection
	GlobalSection(ProjectConfigurationPlatforms) = postSolution
		{E43DDB5C-04FE-4300-964B-2018CB784B97}.Debug|Any CPU.ActiveCfg = Debug|Any CPU
		{E43DDB5C-04FE-4300-964B-2018CB784B97}.Debug|Any CPU.Build.0 = Debug|Any CPU
		{E43DDB5C-04FE-4300-964B-2018CB784B97}.Debug|x64.ActiveCfg = Debug|Any CPU
		{E43DDB5C-04FE-4300-964B-2018CB784B97}.Debug|x64.Build.0 = Debug|Any CPU
		{E43DDB5C-04FE-4300-964B-2018CB784B97}.Debug|x86.ActiveCfg = Debug|Any CPU
		{E43DDB5C-04FE-4300-964B-2018CB784B97}.Debug|x86.Build.0 = Debug|Any CPU
		{E43DDB5C-04FE-4300-964B-2018CB784B97}.Release|Any CPU.ActiveCfg = Release|Any CPU
		{E43DDB5C-04FE-4300-964B-2018CB784B97}.Release|Any CPU.Build.0 = Release|Any CPU
		{E43DDB5C-04FE-4300-964B-2018CB784B97}.Release|x64.ActiveCfg = Release|Any CPU
		{E43DDB5C-04FE-4300-964B-2018CB784B97}.Release|x64.Build.0 = Release|Any CPU
		{E43DDB5C-04FE-4300-964B-2018CB784B97}.Release|x86.ActiveCfg = Release|Any CPU
		{E43DDB5C-04FE-4300-964B-2018CB784B97}.Release|x86.Build.0 = Release|Any CPU
		{157613C8-5A0D-47A0-AB39-17EB7E71AEEB}.Debug|Any CPU.ActiveCfg = Debug|Any CPU
		{157613C8-5A0D-47A0-AB39-17EB7E71AEEB}.Debug|Any CPU.Build.0 = Debug|Any CPU
		{157613C8-5A0D-47A0-AB39-17EB7E71AEEB}.Debug|x64.ActiveCfg = Debug|Any CPU
		{157613C8-5A0D-47A0-AB39-17EB7E71AEEB}.Debug|x64.Build.0 = Debug|Any CPU
		{157613C8-5A0D-47A0-AB39-17EB7E71AEEB}.Debug|x86.ActiveCfg = Debug|Any CPU
		{157613C8-5A0D-47A0-AB39-17EB7E71AEEB}.Debug|x86.Build.0 = Debug|Any CPU
		{157613C8-5A0D-47A0-AB39-17EB7E71AEEB}.Release|Any CPU.ActiveCfg = Release|Any CPU
		{157613C8-5A0D-47A0-AB39-17EB7E71AEEB}.Release|Any CPU.Build.0 = Release|Any CPU
		{157613C8-5A0D-47A0-AB39-17EB7E71AEEB}.Release|x64.ActiveCfg = Release|Any CPU
		{157613C8-5A0D-47A0-AB39-17EB7E71AEEB}.Release|x64.Build.0 = Release|Any CPU
		{157613C8-5A0D-47A0-AB39-17EB7E71AEEB}.Release|x86.ActiveCfg = Release|Any CPU
		{157613C8-5A0D-47A0-AB39-17EB7E71AEEB}.Release|x86.Build.0 = Release|Any CPU
		{95957D83-9364-42D2-B7AC-DAF2DC83BDAF}.Debug|Any CPU.ActiveCfg = Debug|Any CPU
		{95957D83-9364-42D2-B7AC-DAF2DC83BDAF}.Debug|Any CPU.Build.0 = Debug|Any CPU
		{95957D83-9364-42D2-B7AC-DAF2DC83BDAF}.Debug|x64.ActiveCfg = Debug|Any CPU
		{95957D83-9364-42D2-B7AC-DAF2DC83BDAF}.Debug|x64.Build.0 = Debug|Any CPU
		{95957D83-9364-42D2-B7AC-DAF2DC83BDAF}.Debug|x86.ActiveCfg = Debug|Any CPU
		{95957D83-9364-42D2-B7AC-DAF2DC83BDAF}.Debug|x86.Build.0 = Debug|Any CPU
		{95957D83-9364-42D2-B7AC-DAF2DC83BDAF}.Release|Any CPU.ActiveCfg = Release|Any CPU
		{95957D83-9364-42D2-B7AC-DAF2DC83BDAF}.Release|Any CPU.Build.0 = Release|Any CPU
		{95957D83-9364-42D2-B7AC-DAF2DC83BDAF}.Release|x64.ActiveCfg = Release|Any CPU
		{95957D83-9364-42D2-B7AC-DAF2DC83BDAF}.Release|x64.Build.0 = Release|Any CPU
		{95957D83-9364-42D2-B7AC-DAF2DC83BDAF}.Release|x86.ActiveCfg = Release|Any CPU
		{95957D83-9364-42D2-B7AC-DAF2DC83BDAF}.Release|x86.Build.0 = Release|Any CPU
		{A9243ED7-AD6C-4C32-9534-599F4F30157A}.Debug|Any CPU.ActiveCfg = Debug|Any CPU
		{A9243ED7-AD6C-4C32-9534-599F4F30157A}.Debug|Any CPU.Build.0 = Debug|Any CPU
		{A9243ED7-AD6C-4C32-9534-599F4F30157A}.Debug|x64.ActiveCfg = Debug|Any CPU
		{A9243ED7-AD6C-4C32-9534-599F4F30157A}.Debug|x64.Build.0 = Debug|Any CPU
		{A9243ED7-AD6C-4C32-9534-599F4F30157A}.Debug|x86.ActiveCfg = Debug|Any CPU
		{A9243ED7-AD6C-4C32-9534-599F4F30157A}.Debug|x86.Build.0 = Debug|Any CPU
		{A9243ED7-AD6C-4C32-9534-599F4F30157A}.Release|Any CPU.ActiveCfg = Release|Any CPU
		{A9243ED7-AD6C-4C32-9534-599F4F30157A}.Release|Any CPU.Build.0 = Release|Any CPU
		{A9243ED7-AD6C-4C32-9534-599F4F30157A}.Release|x64.ActiveCfg = Release|Any CPU
		{A9243ED7-AD6C-4C32-9534-599F4F30157A}.Release|x64.Build.0 = Release|Any CPU
		{A9243ED7-AD6C-4C32-9534-599F4F30157A}.Release|x86.ActiveCfg = Release|Any CPU
		{A9243ED7-AD6C-4C32-9534-599F4F30157A}.Release|x86.Build.0 = Release|Any CPU
		{26E2D71C-E3D6-4AD7-8881-B84424171F7A}.Debug|Any CPU.ActiveCfg = Debug|Any CPU
		{26E2D71C-E3D6-4AD7-8881-B84424171F7A}.Debug|Any CPU.Build.0 = Debug|Any CPU
		{26E2D71C-E3D6-4AD7-8881-B84424171F7A}.Debug|x64.ActiveCfg = Debug|Any CPU
		{26E2D71C-E3D6-4AD7-8881-B84424171F7A}.Debug|x64.Build.0 = Debug|Any CPU
		{26E2D71C-E3D6-4AD7-8881-B84424171F7A}.Debug|x86.ActiveCfg = Debug|Any CPU
		{26E2D71C-E3D6-4AD7-8881-B84424171F7A}.Debug|x86.Build.0 = Debug|Any CPU
		{26E2D71C-E3D6-4AD7-8881-B84424171F7A}.Release|Any CPU.ActiveCfg = Release|Any CPU
		{26E2D71C-E3D6-4AD7-8881-B84424171F7A}.Release|Any CPU.Build.0 = Release|Any CPU
		{26E2D71C-E3D6-4AD7-8881-B84424171F7A}.Release|x64.ActiveCfg = Release|Any CPU
		{26E2D71C-E3D6-4AD7-8881-B84424171F7A}.Release|x64.Build.0 = Release|Any CPU
		{26E2D71C-E3D6-4AD7-8881-B84424171F7A}.Release|x86.ActiveCfg = Release|Any CPU
		{26E2D71C-E3D6-4AD7-8881-B84424171F7A}.Release|x86.Build.0 = Release|Any CPU
		{027A87E3-0A7B-42AC-B6DB-4E1008E1E986}.Debug|Any CPU.ActiveCfg = Debug|Any CPU
		{027A87E3-0A7B-42AC-B6DB-4E1008E1E986}.Debug|Any CPU.Build.0 = Debug|Any CPU
		{027A87E3-0A7B-42AC-B6DB-4E1008E1E986}.Debug|x64.ActiveCfg = Debug|Any CPU
		{027A87E3-0A7B-42AC-B6DB-4E1008E1E986}.Debug|x64.Build.0 = Debug|Any CPU
		{027A87E3-0A7B-42AC-B6DB-4E1008E1E986}.Debug|x86.ActiveCfg = Debug|Any CPU
		{027A87E3-0A7B-42AC-B6DB-4E1008E1E986}.Debug|x86.Build.0 = Debug|Any CPU
		{027A87E3-0A7B-42AC-B6DB-4E1008E1E986}.Release|Any CPU.ActiveCfg = Release|Any CPU
		{027A87E3-0A7B-42AC-B6DB-4E1008E1E986}.Release|Any CPU.Build.0 = Release|Any CPU
		{027A87E3-0A7B-42AC-B6DB-4E1008E1E986}.Release|x64.ActiveCfg = Release|Any CPU
		{027A87E3-0A7B-42AC-B6DB-4E1008E1E986}.Release|x64.Build.0 = Release|Any CPU
		{027A87E3-0A7B-42AC-B6DB-4E1008E1E986}.Release|x86.ActiveCfg = Release|Any CPU
		{027A87E3-0A7B-42AC-B6DB-4E1008E1E986}.Release|x86.Build.0 = Release|Any CPU
		{CA9D7F54-9015-46D1-A982-E46AF3397D8A}.Debug|Any CPU.ActiveCfg = Debug|Any CPU
		{CA9D7F54-9015-46D1-A982-E46AF3397D8A}.Debug|Any CPU.Build.0 = Debug|Any CPU
		{CA9D7F54-9015-46D1-A982-E46AF3397D8A}.Debug|x64.ActiveCfg = Debug|Any CPU
		{CA9D7F54-9015-46D1-A982-E46AF3397D8A}.Debug|x64.Build.0 = Debug|Any CPU
		{CA9D7F54-9015-46D1-A982-E46AF3397D8A}.Debug|x86.ActiveCfg = Debug|Any CPU
		{CA9D7F54-9015-46D1-A982-E46AF3397D8A}.Debug|x86.Build.0 = Debug|Any CPU
		{CA9D7F54-9015-46D1-A982-E46AF3397D8A}.Release|Any CPU.ActiveCfg = Release|Any CPU
		{CA9D7F54-9015-46D1-A982-E46AF3397D8A}.Release|Any CPU.Build.0 = Release|Any CPU
		{CA9D7F54-9015-46D1-A982-E46AF3397D8A}.Release|x64.ActiveCfg = Release|Any CPU
		{CA9D7F54-9015-46D1-A982-E46AF3397D8A}.Release|x64.Build.0 = Release|Any CPU
		{CA9D7F54-9015-46D1-A982-E46AF3397D8A}.Release|x86.ActiveCfg = Release|Any CPU
		{CA9D7F54-9015-46D1-A982-E46AF3397D8A}.Release|x86.Build.0 = Release|Any CPU
		{F7FAF978-E2E4-4935-85D4-DAFF5FBE7D4D}.Debug|Any CPU.ActiveCfg = Debug|Any CPU
		{F7FAF978-E2E4-4935-85D4-DAFF5FBE7D4D}.Debug|Any CPU.Build.0 = Debug|Any CPU
		{F7FAF978-E2E4-4935-85D4-DAFF5FBE7D4D}.Debug|x64.ActiveCfg = Debug|Any CPU
		{F7FAF978-E2E4-4935-85D4-DAFF5FBE7D4D}.Debug|x64.Build.0 = Debug|Any CPU
		{F7FAF978-E2E4-4935-85D4-DAFF5FBE7D4D}.Debug|x86.ActiveCfg = Debug|Any CPU
		{F7FAF978-E2E4-4935-85D4-DAFF5FBE7D4D}.Debug|x86.Build.0 = Debug|Any CPU
		{F7FAF978-E2E4-4935-85D4-DAFF5FBE7D4D}.Release|Any CPU.ActiveCfg = Release|Any CPU
		{F7FAF978-E2E4-4935-85D4-DAFF5FBE7D4D}.Release|Any CPU.Build.0 = Release|Any CPU
		{F7FAF978-E2E4-4935-85D4-DAFF5FBE7D4D}.Release|x64.ActiveCfg = Release|Any CPU
		{F7FAF978-E2E4-4935-85D4-DAFF5FBE7D4D}.Release|x64.Build.0 = Release|Any CPU
		{F7FAF978-E2E4-4935-85D4-DAFF5FBE7D4D}.Release|x86.ActiveCfg = Release|Any CPU
		{F7FAF978-E2E4-4935-85D4-DAFF5FBE7D4D}.Release|x86.Build.0 = Release|Any CPU
		{3A1C6684-66F9-4017-8FFD-820BD209486A}.Debug|Any CPU.ActiveCfg = Debug|Any CPU
		{3A1C6684-66F9-4017-8FFD-820BD209486A}.Debug|Any CPU.Build.0 = Debug|Any CPU
		{3A1C6684-66F9-4017-8FFD-820BD209486A}.Debug|x64.ActiveCfg = Debug|Any CPU
		{3A1C6684-66F9-4017-8FFD-820BD209486A}.Debug|x64.Build.0 = Debug|Any CPU
		{3A1C6684-66F9-4017-8FFD-820BD209486A}.Debug|x86.ActiveCfg = Debug|Any CPU
		{3A1C6684-66F9-4017-8FFD-820BD209486A}.Debug|x86.Build.0 = Debug|Any CPU
		{3A1C6684-66F9-4017-8FFD-820BD209486A}.Release|Any CPU.ActiveCfg = Release|Any CPU
		{3A1C6684-66F9-4017-8FFD-820BD209486A}.Release|Any CPU.Build.0 = Release|Any CPU
		{3A1C6684-66F9-4017-8FFD-820BD209486A}.Release|x64.ActiveCfg = Release|Any CPU
		{3A1C6684-66F9-4017-8FFD-820BD209486A}.Release|x64.Build.0 = Release|Any CPU
		{3A1C6684-66F9-4017-8FFD-820BD209486A}.Release|x86.ActiveCfg = Release|Any CPU
		{3A1C6684-66F9-4017-8FFD-820BD209486A}.Release|x86.Build.0 = Release|Any CPU
		{45618370-8C1C-4245-BE1B-D271A221C3DE}.Debug|Any CPU.ActiveCfg = Debug|Any CPU
		{45618370-8C1C-4245-BE1B-D271A221C3DE}.Debug|Any CPU.Build.0 = Debug|Any CPU
		{45618370-8C1C-4245-BE1B-D271A221C3DE}.Debug|x64.ActiveCfg = Debug|Any CPU
		{45618370-8C1C-4245-BE1B-D271A221C3DE}.Debug|x64.Build.0 = Debug|Any CPU
		{45618370-8C1C-4245-BE1B-D271A221C3DE}.Debug|x86.ActiveCfg = Debug|Any CPU
		{45618370-8C1C-4245-BE1B-D271A221C3DE}.Debug|x86.Build.0 = Debug|Any CPU
		{45618370-8C1C-4245-BE1B-D271A221C3DE}.Release|Any CPU.ActiveCfg = Release|Any CPU
		{45618370-8C1C-4245-BE1B-D271A221C3DE}.Release|Any CPU.Build.0 = Release|Any CPU
		{45618370-8C1C-4245-BE1B-D271A221C3DE}.Release|x64.ActiveCfg = Release|Any CPU
		{45618370-8C1C-4245-BE1B-D271A221C3DE}.Release|x64.Build.0 = Release|Any CPU
		{45618370-8C1C-4245-BE1B-D271A221C3DE}.Release|x86.ActiveCfg = Release|Any CPU
		{45618370-8C1C-4245-BE1B-D271A221C3DE}.Release|x86.Build.0 = Release|Any CPU
		{3DC80604-C454-4560-BC46-64C1D43101A7}.Debug|Any CPU.ActiveCfg = Debug|Any CPU
		{3DC80604-C454-4560-BC46-64C1D43101A7}.Debug|Any CPU.Build.0 = Debug|Any CPU
		{3DC80604-C454-4560-BC46-64C1D43101A7}.Debug|x64.ActiveCfg = Debug|Any CPU
		{3DC80604-C454-4560-BC46-64C1D43101A7}.Debug|x64.Build.0 = Debug|Any CPU
		{3DC80604-C454-4560-BC46-64C1D43101A7}.Debug|x86.ActiveCfg = Debug|Any CPU
		{3DC80604-C454-4560-BC46-64C1D43101A7}.Debug|x86.Build.0 = Debug|Any CPU
		{3DC80604-C454-4560-BC46-64C1D43101A7}.Release|Any CPU.ActiveCfg = Release|Any CPU
		{3DC80604-C454-4560-BC46-64C1D43101A7}.Release|Any CPU.Build.0 = Release|Any CPU
		{3DC80604-C454-4560-BC46-64C1D43101A7}.Release|x64.ActiveCfg = Release|Any CPU
		{3DC80604-C454-4560-BC46-64C1D43101A7}.Release|x64.Build.0 = Release|Any CPU
		{3DC80604-C454-4560-BC46-64C1D43101A7}.Release|x86.ActiveCfg = Release|Any CPU
		{3DC80604-C454-4560-BC46-64C1D43101A7}.Release|x86.Build.0 = Release|Any CPU
		{1FD1D9D0-B00B-46EB-B885-E569848525FC}.Debug|Any CPU.ActiveCfg = Debug|Any CPU
		{1FD1D9D0-B00B-46EB-B885-E569848525FC}.Debug|Any CPU.Build.0 = Debug|Any CPU
		{1FD1D9D0-B00B-46EB-B885-E569848525FC}.Debug|x64.ActiveCfg = Debug|Any CPU
		{1FD1D9D0-B00B-46EB-B885-E569848525FC}.Debug|x64.Build.0 = Debug|Any CPU
		{1FD1D9D0-B00B-46EB-B885-E569848525FC}.Debug|x86.ActiveCfg = Debug|Any CPU
		{1FD1D9D0-B00B-46EB-B885-E569848525FC}.Debug|x86.Build.0 = Debug|Any CPU
		{1FD1D9D0-B00B-46EB-B885-E569848525FC}.Release|Any CPU.ActiveCfg = Release|Any CPU
		{1FD1D9D0-B00B-46EB-B885-E569848525FC}.Release|Any CPU.Build.0 = Release|Any CPU
		{1FD1D9D0-B00B-46EB-B885-E569848525FC}.Release|x64.ActiveCfg = Release|Any CPU
		{1FD1D9D0-B00B-46EB-B885-E569848525FC}.Release|x64.Build.0 = Release|Any CPU
		{1FD1D9D0-B00B-46EB-B885-E569848525FC}.Release|x86.ActiveCfg = Release|Any CPU
		{1FD1D9D0-B00B-46EB-B885-E569848525FC}.Release|x86.Build.0 = Release|Any CPU
		{CE7F7F56-F2CD-4FED-9691-2C6C573A4054}.Debug|Any CPU.ActiveCfg = Debug|Any CPU
		{CE7F7F56-F2CD-4FED-9691-2C6C573A4054}.Debug|Any CPU.Build.0 = Debug|Any CPU
		{CE7F7F56-F2CD-4FED-9691-2C6C573A4054}.Debug|x64.ActiveCfg = Debug|Any CPU
		{CE7F7F56-F2CD-4FED-9691-2C6C573A4054}.Debug|x64.Build.0 = Debug|Any CPU
		{CE7F7F56-F2CD-4FED-9691-2C6C573A4054}.Debug|x86.ActiveCfg = Debug|Any CPU
		{CE7F7F56-F2CD-4FED-9691-2C6C573A4054}.Debug|x86.Build.0 = Debug|Any CPU
		{CE7F7F56-F2CD-4FED-9691-2C6C573A4054}.Release|Any CPU.ActiveCfg = Release|Any CPU
		{CE7F7F56-F2CD-4FED-9691-2C6C573A4054}.Release|Any CPU.Build.0 = Release|Any CPU
		{CE7F7F56-F2CD-4FED-9691-2C6C573A4054}.Release|x64.ActiveCfg = Release|Any CPU
		{CE7F7F56-F2CD-4FED-9691-2C6C573A4054}.Release|x64.Build.0 = Release|Any CPU
		{CE7F7F56-F2CD-4FED-9691-2C6C573A4054}.Release|x86.ActiveCfg = Release|Any CPU
		{CE7F7F56-F2CD-4FED-9691-2C6C573A4054}.Release|x86.Build.0 = Release|Any CPU
		{46A87922-9CE2-4893-BB72-FF16CFFEA9B6}.Debug|Any CPU.ActiveCfg = Debug|Any CPU
		{46A87922-9CE2-4893-BB72-FF16CFFEA9B6}.Debug|Any CPU.Build.0 = Debug|Any CPU
		{46A87922-9CE2-4893-BB72-FF16CFFEA9B6}.Debug|x64.ActiveCfg = Debug|Any CPU
		{46A87922-9CE2-4893-BB72-FF16CFFEA9B6}.Debug|x64.Build.0 = Debug|Any CPU
		{46A87922-9CE2-4893-BB72-FF16CFFEA9B6}.Debug|x86.ActiveCfg = Debug|Any CPU
		{46A87922-9CE2-4893-BB72-FF16CFFEA9B6}.Debug|x86.Build.0 = Debug|Any CPU
		{46A87922-9CE2-4893-BB72-FF16CFFEA9B6}.Release|Any CPU.ActiveCfg = Release|Any CPU
		{46A87922-9CE2-4893-BB72-FF16CFFEA9B6}.Release|Any CPU.Build.0 = Release|Any CPU
		{46A87922-9CE2-4893-BB72-FF16CFFEA9B6}.Release|x64.ActiveCfg = Release|Any CPU
		{46A87922-9CE2-4893-BB72-FF16CFFEA9B6}.Release|x64.Build.0 = Release|Any CPU
		{46A87922-9CE2-4893-BB72-FF16CFFEA9B6}.Release|x86.ActiveCfg = Release|Any CPU
		{46A87922-9CE2-4893-BB72-FF16CFFEA9B6}.Release|x86.Build.0 = Release|Any CPU
		{139E6FD7-547E-4CF0-9154-2A2001493111}.Debug|Any CPU.ActiveCfg = Debug|Any CPU
		{139E6FD7-547E-4CF0-9154-2A2001493111}.Debug|Any CPU.Build.0 = Debug|Any CPU
		{139E6FD7-547E-4CF0-9154-2A2001493111}.Debug|x64.ActiveCfg = Debug|Any CPU
		{139E6FD7-547E-4CF0-9154-2A2001493111}.Debug|x64.Build.0 = Debug|Any CPU
		{139E6FD7-547E-4CF0-9154-2A2001493111}.Debug|x86.ActiveCfg = Debug|Any CPU
		{139E6FD7-547E-4CF0-9154-2A2001493111}.Debug|x86.Build.0 = Debug|Any CPU
		{139E6FD7-547E-4CF0-9154-2A2001493111}.Release|Any CPU.ActiveCfg = Release|Any CPU
		{139E6FD7-547E-4CF0-9154-2A2001493111}.Release|Any CPU.Build.0 = Release|Any CPU
		{139E6FD7-547E-4CF0-9154-2A2001493111}.Release|x64.ActiveCfg = Release|Any CPU
		{139E6FD7-547E-4CF0-9154-2A2001493111}.Release|x64.Build.0 = Release|Any CPU
		{139E6FD7-547E-4CF0-9154-2A2001493111}.Release|x86.ActiveCfg = Release|Any CPU
		{139E6FD7-547E-4CF0-9154-2A2001493111}.Release|x86.Build.0 = Release|Any CPU
		{C82DF3D3-1336-4297-A3AD-5738FCDB110D}.Debug|Any CPU.ActiveCfg = Debug|Any CPU
		{C82DF3D3-1336-4297-A3AD-5738FCDB110D}.Debug|Any CPU.Build.0 = Debug|Any CPU
		{C82DF3D3-1336-4297-A3AD-5738FCDB110D}.Debug|x64.ActiveCfg = Debug|Any CPU
		{C82DF3D3-1336-4297-A3AD-5738FCDB110D}.Debug|x64.Build.0 = Debug|Any CPU
		{C82DF3D3-1336-4297-A3AD-5738FCDB110D}.Debug|x86.ActiveCfg = Debug|Any CPU
		{C82DF3D3-1336-4297-A3AD-5738FCDB110D}.Debug|x86.Build.0 = Debug|Any CPU
		{C82DF3D3-1336-4297-A3AD-5738FCDB110D}.Release|Any CPU.ActiveCfg = Release|Any CPU
		{C82DF3D3-1336-4297-A3AD-5738FCDB110D}.Release|Any CPU.Build.0 = Release|Any CPU
		{C82DF3D3-1336-4297-A3AD-5738FCDB110D}.Release|x64.ActiveCfg = Release|Any CPU
		{C82DF3D3-1336-4297-A3AD-5738FCDB110D}.Release|x64.Build.0 = Release|Any CPU
		{C82DF3D3-1336-4297-A3AD-5738FCDB110D}.Release|x86.ActiveCfg = Release|Any CPU
		{C82DF3D3-1336-4297-A3AD-5738FCDB110D}.Release|x86.Build.0 = Release|Any CPU
		{93612366-ED25-4921-B022-A2B7AFCD0BB6}.Debug|Any CPU.ActiveCfg = Debug|Any CPU
		{93612366-ED25-4921-B022-A2B7AFCD0BB6}.Debug|Any CPU.Build.0 = Debug|Any CPU
		{93612366-ED25-4921-B022-A2B7AFCD0BB6}.Debug|x64.ActiveCfg = Debug|Any CPU
		{93612366-ED25-4921-B022-A2B7AFCD0BB6}.Debug|x64.Build.0 = Debug|Any CPU
		{93612366-ED25-4921-B022-A2B7AFCD0BB6}.Debug|x86.ActiveCfg = Debug|Any CPU
		{93612366-ED25-4921-B022-A2B7AFCD0BB6}.Debug|x86.Build.0 = Debug|Any CPU
		{93612366-ED25-4921-B022-A2B7AFCD0BB6}.Release|Any CPU.ActiveCfg = Release|Any CPU
		{93612366-ED25-4921-B022-A2B7AFCD0BB6}.Release|Any CPU.Build.0 = Release|Any CPU
		{93612366-ED25-4921-B022-A2B7AFCD0BB6}.Release|x64.ActiveCfg = Release|Any CPU
		{93612366-ED25-4921-B022-A2B7AFCD0BB6}.Release|x64.Build.0 = Release|Any CPU
		{93612366-ED25-4921-B022-A2B7AFCD0BB6}.Release|x86.ActiveCfg = Release|Any CPU
		{93612366-ED25-4921-B022-A2B7AFCD0BB6}.Release|x86.Build.0 = Release|Any CPU
		{ED90DE6D-04CE-45AD-8393-F7C5C70A60AB}.Debug|Any CPU.ActiveCfg = Debug|Any CPU
		{ED90DE6D-04CE-45AD-8393-F7C5C70A60AB}.Debug|Any CPU.Build.0 = Debug|Any CPU
		{ED90DE6D-04CE-45AD-8393-F7C5C70A60AB}.Debug|x64.ActiveCfg = Debug|Any CPU
		{ED90DE6D-04CE-45AD-8393-F7C5C70A60AB}.Debug|x64.Build.0 = Debug|Any CPU
		{ED90DE6D-04CE-45AD-8393-F7C5C70A60AB}.Debug|x86.ActiveCfg = Debug|Any CPU
		{ED90DE6D-04CE-45AD-8393-F7C5C70A60AB}.Debug|x86.Build.0 = Debug|Any CPU
		{ED90DE6D-04CE-45AD-8393-F7C5C70A60AB}.Release|Any CPU.ActiveCfg = Release|Any CPU
		{ED90DE6D-04CE-45AD-8393-F7C5C70A60AB}.Release|Any CPU.Build.0 = Release|Any CPU
		{ED90DE6D-04CE-45AD-8393-F7C5C70A60AB}.Release|x64.ActiveCfg = Release|Any CPU
		{ED90DE6D-04CE-45AD-8393-F7C5C70A60AB}.Release|x64.Build.0 = Release|Any CPU
		{ED90DE6D-04CE-45AD-8393-F7C5C70A60AB}.Release|x86.ActiveCfg = Release|Any CPU
		{ED90DE6D-04CE-45AD-8393-F7C5C70A60AB}.Release|x86.Build.0 = Release|Any CPU
		{DD845E75-C55B-4435-93B5-F2164F1E87EA}.Debug|Any CPU.ActiveCfg = Debug|Any CPU
		{DD845E75-C55B-4435-93B5-F2164F1E87EA}.Debug|Any CPU.Build.0 = Debug|Any CPU
		{DD845E75-C55B-4435-93B5-F2164F1E87EA}.Debug|x64.ActiveCfg = Debug|Any CPU
		{DD845E75-C55B-4435-93B5-F2164F1E87EA}.Debug|x64.Build.0 = Debug|Any CPU
		{DD845E75-C55B-4435-93B5-F2164F1E87EA}.Debug|x86.ActiveCfg = Debug|Any CPU
		{DD845E75-C55B-4435-93B5-F2164F1E87EA}.Debug|x86.Build.0 = Debug|Any CPU
		{DD845E75-C55B-4435-93B5-F2164F1E87EA}.Release|Any CPU.ActiveCfg = Release|Any CPU
		{DD845E75-C55B-4435-93B5-F2164F1E87EA}.Release|Any CPU.Build.0 = Release|Any CPU
		{DD845E75-C55B-4435-93B5-F2164F1E87EA}.Release|x64.ActiveCfg = Release|Any CPU
		{DD845E75-C55B-4435-93B5-F2164F1E87EA}.Release|x64.Build.0 = Release|Any CPU
		{DD845E75-C55B-4435-93B5-F2164F1E87EA}.Release|x86.ActiveCfg = Release|Any CPU
		{DD845E75-C55B-4435-93B5-F2164F1E87EA}.Release|x86.Build.0 = Release|Any CPU
		{1E8B0DEC-D8EB-42FE-B809-07FD53DA6EDC}.Debug|Any CPU.ActiveCfg = Debug|Any CPU
		{1E8B0DEC-D8EB-42FE-B809-07FD53DA6EDC}.Debug|Any CPU.Build.0 = Debug|Any CPU
		{1E8B0DEC-D8EB-42FE-B809-07FD53DA6EDC}.Debug|x64.ActiveCfg = Debug|Any CPU
		{1E8B0DEC-D8EB-42FE-B809-07FD53DA6EDC}.Debug|x64.Build.0 = Debug|Any CPU
		{1E8B0DEC-D8EB-42FE-B809-07FD53DA6EDC}.Debug|x86.ActiveCfg = Debug|Any CPU
		{1E8B0DEC-D8EB-42FE-B809-07FD53DA6EDC}.Debug|x86.Build.0 = Debug|Any CPU
		{1E8B0DEC-D8EB-42FE-B809-07FD53DA6EDC}.Release|Any CPU.ActiveCfg = Release|Any CPU
		{1E8B0DEC-D8EB-42FE-B809-07FD53DA6EDC}.Release|Any CPU.Build.0 = Release|Any CPU
		{1E8B0DEC-D8EB-42FE-B809-07FD53DA6EDC}.Release|x64.ActiveCfg = Release|Any CPU
		{1E8B0DEC-D8EB-42FE-B809-07FD53DA6EDC}.Release|x64.Build.0 = Release|Any CPU
		{1E8B0DEC-D8EB-42FE-B809-07FD53DA6EDC}.Release|x86.ActiveCfg = Release|Any CPU
		{1E8B0DEC-D8EB-42FE-B809-07FD53DA6EDC}.Release|x86.Build.0 = Release|Any CPU
		{575407CB-9A14-0154-68FE-7E699F8C39E6}.Debug|Any CPU.ActiveCfg = Debug|Any CPU
		{575407CB-9A14-0154-68FE-7E699F8C39E6}.Debug|Any CPU.Build.0 = Debug|Any CPU
		{575407CB-9A14-0154-68FE-7E699F8C39E6}.Debug|x64.ActiveCfg = Debug|Any CPU
		{575407CB-9A14-0154-68FE-7E699F8C39E6}.Debug|x64.Build.0 = Debug|Any CPU
		{575407CB-9A14-0154-68FE-7E699F8C39E6}.Debug|x86.ActiveCfg = Debug|Any CPU
		{575407CB-9A14-0154-68FE-7E699F8C39E6}.Debug|x86.Build.0 = Debug|Any CPU
		{575407CB-9A14-0154-68FE-7E699F8C39E6}.Release|Any CPU.ActiveCfg = Release|Any CPU
		{575407CB-9A14-0154-68FE-7E699F8C39E6}.Release|Any CPU.Build.0 = Release|Any CPU
		{575407CB-9A14-0154-68FE-7E699F8C39E6}.Release|x64.ActiveCfg = Release|Any CPU
		{575407CB-9A14-0154-68FE-7E699F8C39E6}.Release|x64.Build.0 = Release|Any CPU
		{575407CB-9A14-0154-68FE-7E699F8C39E6}.Release|x86.ActiveCfg = Release|Any CPU
		{575407CB-9A14-0154-68FE-7E699F8C39E6}.Release|x86.Build.0 = Release|Any CPU
	EndGlobalSection
	GlobalSection(SolutionProperties) = preSolution
		HideSolutionNode = FALSE
	EndGlobalSection
	GlobalSection(NestedProjects) = preSolution
		{E43DDB5C-04FE-4300-964B-2018CB784B97} = {6EC95BA9-FF2C-42EE-ADEF-119CBF68EE67}
		{157613C8-5A0D-47A0-AB39-17EB7E71AEEB} = {931F974D-E7D6-4F5B-AE84-CF93AF07E548}
		{95957D83-9364-42D2-B7AC-DAF2DC83BDAF} = {931F974D-E7D6-4F5B-AE84-CF93AF07E548}
		{A9243ED7-AD6C-4C32-9534-599F4F30157A} = {238DF3EF-0582-4001-95FC-1C9EC342D315}
		{26E2D71C-E3D6-4AD7-8881-B84424171F7A} = {891BB153-E3C3-47EE-97FE-D432B55A864B}
		{027A87E3-0A7B-42AC-B6DB-4E1008E1E986} = {891BB153-E3C3-47EE-97FE-D432B55A864B}
		{CA9D7F54-9015-46D1-A982-E46AF3397D8A} = {891BB153-E3C3-47EE-97FE-D432B55A864B}
		{6EC95BA9-FF2C-42EE-ADEF-119CBF68EE67} = {32BC0983-9848-4EE2-97FF-4AFC8135B20D}
		{931F974D-E7D6-4F5B-AE84-CF93AF07E548} = {32BC0983-9848-4EE2-97FF-4AFC8135B20D}
		{238DF3EF-0582-4001-95FC-1C9EC342D315} = {32BC0983-9848-4EE2-97FF-4AFC8135B20D}
		{891BB153-E3C3-47EE-97FE-D432B55A864B} = {32BC0983-9848-4EE2-97FF-4AFC8135B20D}
		{F7FAF978-E2E4-4935-85D4-DAFF5FBE7D4D} = {E2CA490B-3AF4-46B9-9C42-D791567FF88D}
		{3A1C6684-66F9-4017-8FFD-820BD209486A} = {E2CA490B-3AF4-46B9-9C42-D791567FF88D}
		{45618370-8C1C-4245-BE1B-D271A221C3DE} = {E2CA490B-3AF4-46B9-9C42-D791567FF88D}
		{3DC80604-C454-4560-BC46-64C1D43101A7} = {E2CA490B-3AF4-46B9-9C42-D791567FF88D}
		{C4C12952-1B54-4AE5-A6F8-FCDFD3E30FDA} = {E2CA490B-3AF4-46B9-9C42-D791567FF88D}
		{1FD1D9D0-B00B-46EB-B885-E569848525FC} = {C4C12952-1B54-4AE5-A6F8-FCDFD3E30FDA}
		{CE7F7F56-F2CD-4FED-9691-2C6C573A4054} = {C4C12952-1B54-4AE5-A6F8-FCDFD3E30FDA}
		{46A87922-9CE2-4893-BB72-FF16CFFEA9B6} = {C4C12952-1B54-4AE5-A6F8-FCDFD3E30FDA}
		{139E6FD7-547E-4CF0-9154-2A2001493111} = {C4C12952-1B54-4AE5-A6F8-FCDFD3E30FDA}
		{C82DF3D3-1336-4297-A3AD-5738FCDB110D} = {C4C12952-1B54-4AE5-A6F8-FCDFD3E30FDA}
		{93612366-ED25-4921-B022-A2B7AFCD0BB6} = {C4C12952-1B54-4AE5-A6F8-FCDFD3E30FDA}
		{ED90DE6D-04CE-45AD-8393-F7C5C70A60AB} = {C4C12952-1B54-4AE5-A6F8-FCDFD3E30FDA}
		{DD845E75-C55B-4435-93B5-F2164F1E87EA} = {A3800F04-BC3E-434B-B2EB-A0FDBEF88F93}
		{1E8B0DEC-D8EB-42FE-B809-07FD53DA6EDC} = {0C88DD14-F956-CE84-757C-A364CCF449FC}
		{575407CB-9A14-0154-68FE-7E699F8C39E6} = {A3800F04-BC3E-434B-B2EB-A0FDBEF88F93}
	EndGlobalSection
	GlobalSection(ExtensibilityGlobals) = postSolution
		SolutionGuid = {0BED8D93-1457-4028-8281-6B2C435E2073}
	EndGlobalSection
EndGlobal
