Microsoft Visual Studio Solution File, Format Version 12.00
# Visual Studio Version 17
VisualStudioVersion = 17.8.0.0
MinimumVisualStudioVersion = 17.8.0.0
Project("{9A19103F-16F7-4668-BE54-9A1E7A4F7556}") = "Aspire.ServiceDefaults", "Aspire.ServiceDefaults\Aspire.ServiceDefaults.csproj", "{3FCFEF34-0402-4E5B-9894-7E67234573A5}"
EndProject
Project("{FAE04EC0-301F-11D3-BF4B-00C04F79EFBC}") = "Main.WebApi", "..\Main\src\Main.WebApi\Main.WebApi.csproj", "{96DABA36-9BE9-47EA-AB48-2E1CB90FB6B2}"
EndProject
Project("{FAE04EC0-301F-11D3-BF4B-00C04F79EFBC}") = "DataHub", "..\DataHub\src\DataHub\DataHub.csproj", "{5863184F-4BF7-4733-9F6A-6B2B95D72291}"
EndProject
Project("{2150E333-8FDC-42A3-9474-1A3956D46DE8}") = "Solution Items", "Solution Items", "{59BE2A23-9A5B-4D6E-B938-20442F10A298}"
	ProjectSection(SolutionItems) = preProject
		.editorconfig = .editorconfig
		.gitignore = .gitignore
		README.md = README.md
		README.Template.md = README.Template.md
	EndProjectSection
EndProject
Project("{2150E333-8FDC-42A3-9474-1A3956D46DE8}") = "Main", "Main", "{6F203CDD-36DE-47E6-81CD-BD902F474287}"
EndProject
Project("{2150E333-8FDC-42A3-9474-1A3956D46DE8}") = "DataHub", "DataHub", "{D01D35A1-67C2-4520-91F5-BD863407D1D7}"
EndProject
Project("{FAE04EC0-301F-11D3-BF4B-00C04F79EFBC}") = "Main.Service", "..\Main\src\Main.Service\Main.Service.csproj", "{DAE87137-DCEE-4636-9D7C-50AA557962A6}"
EndProject
Project("{FAE04EC0-301F-11D3-BF4B-00C04F79EFBC}") = "Main.Service.Interface", "..\Main\src\Main.Service.Interface\Main.Service.Interface.csproj", "{DCB3E9F3-08C2-4D46-B9FD-5ECF7F061B16}"
EndProject
Project("{FAE04EC0-301F-11D3-BF4B-00C04F79EFBC}") = "Main.Repository", "..\Main\src\Main.Repository\Main.Repository.csproj", "{7D18EF82-FD37-43A8-BC63-91B21631373B}"
EndProject
Project("{FAE04EC0-301F-11D3-BF4B-00C04F79EFBC}") = "Main.Infrastructure", "..\Main\src\Main.Infrastructure\Main.Infrastructure.csproj", "{3CEDB0AE-AB32-4173-9FC7-3C327455220F}"
EndProject
Project("{FAE04EC0-301F-11D3-BF4B-00C04F79EFBC}") = "Main.Domain", "..\Main\src\Main.Domain\Main.Domain.csproj", "{75D81791-B51E-4246-9C23-6153F84EC2BF}"
EndProject
Project("{FAE04EC0-301F-11D3-BF4B-00C04F79EFBC}") = "DataHub.Cloud", "..\DataHub\src\DataHub.Cloud\DataHub.Cloud.csproj", "{C06ACD0C-9882-4FB6-BC9F-608FAB1FC0C7}"
EndProject
Project("{FAE04EC0-301F-11D3-BF4B-00C04F79EFBC}") = "DataHub.Infrastructure", "..\DataHub\src\DataHub.Infrastructure\DataHub.Infrastructure.csproj", "{01A92680-398F-42BA-875B-8350AD066C63}"
EndProject
Project("{2150E333-8FDC-42A3-9474-1A3956D46DE8}") = "Base", "Base", "{155E13D8-9D35-49C6-9FD0-9EBB26AA357D}"
EndProject
Project("{FAE04EC0-301F-11D3-BF4B-00C04F79EFBC}") = "Base.Domain", "..\Base\src\Base.Domain\Base.Domain.csproj", "{0D94F796-64A9-4445-8070-622D99E79337}"
EndProject
Project("{FAE04EC0-301F-11D3-BF4B-00C04F79EFBC}") = "Base.Infrastructure", "..\Base\src\Base.Infrastructure\Base.Infrastructure.csproj", "{2243EC67-5889-4D92-9B30-1A37BD3BF0E8}"
EndProject
Project("{FAE04EC0-301F-11D3-BF4B-00C04F79EFBC}") = "Base.Infrastructure.Interface", "..\Base\src\Base.Infrastructure.Interface\Base.Infrastructure.Interface.csproj", "{39CD9687-FD15-4DB2-A6FA-961246159EA1}"
EndProject
Project("{FAE04EC0-301F-11D3-BF4B-00C04F79EFBC}") = "Base.Infrastructure.Toolkits", "..\Base\src\Base.Infrastructure.Toolkits\Base.Infrastructure.Toolkits.csproj", "{5149D43A-0C56-46B5-B0C4-9A02597E4D54}"
EndProject
Project("{2150E333-8FDC-42A3-9474-1A3956D46DE8}") = "service", "service", "{A2BC5E60-935E-47CE-A31D-B7DACF83D4F1}"
EndProject
Project("{FAE04EC0-301F-11D3-BF4B-00C04F79EFBC}") = "Base.Aspose", "..\Base\src\service\Base.Aspose\Base.Aspose.csproj", "{2F9DA6D4-D392-48A8-B8A1-C94461EE1C40}"
EndProject
Project("{FAE04EC0-301F-11D3-BF4B-00C04F79EFBC}") = "Base.Authentication", "..\Base\src\service\Base.Authentication\Base.Authentication.csproj", "{FCB8EAEA-11C5-4AB3-9373-4CB8AB900521}"
EndProject
Project("{FAE04EC0-301F-11D3-BF4B-00C04F79EFBC}") = "Base.Files", "..\Base\src\service\Base.File\Base.Files.csproj", "{CE4A73E1-93E8-4698-93A8-1E05D45A417B}"
EndProject
Project("{FAE04EC0-301F-11D3-BF4B-00C04F79EFBC}") = "Base.Hangfire", "..\Base\src\service\Base.Hangfire\Base.Hangfire.csproj", "{D2649585-6432-4460-A2A7-99FDA30168E8}"
EndProject
Project("{FAE04EC0-301F-11D3-BF4B-00C04F79EFBC}") = "Base.Mail", "..\Base\src\service\Base.Mail\Base.Mail.csproj", "{F7236C32-6EA4-4FD2-A56F-A4BBDC171C02}"
EndProject
Project("{FAE04EC0-301F-11D3-BF4B-00C04F79EFBC}") = "Base.NPOI", "..\Base\src\service\Base.NPOI\Base.NPOI.csproj", "{3638519E-6CEE-4F01-8BB7-E6AB2A246142}"
EndProject
Project("{FAE04EC0-301F-11D3-BF4B-00C04F79EFBC}") = "Base.Security", "..\Base\src\service\Base.Security\Base.Security.csproj", "{63EDFE86-1BE2-4D51-AEC8-A136ACD88071}"
EndProject
Project("{FAE04EC0-301F-11D3-BF4B-00C04F79EFBC}") = "Aspire.AppHost", "Aspire.AppHost\Aspire.AppHost.csproj", "{47888EC6-242C-DF34-C1A4-4D02AA72A85C}"
EndProject
Global
	GlobalSection(SolutionConfigurationPlatforms) = preSolution
		Debug|Any CPU = Debug|Any CPU
		Release|Any CPU = Release|Any CPU
	EndGlobalSection
	GlobalSection(ProjectConfigurationPlatforms) = postSolution
		{3FCFEF34-0402-4E5B-9894-7E67234573A5}.Debug|Any CPU.ActiveCfg = Debug|Any CPU
		{3FCFEF34-0402-4E5B-9894-7E67234573A5}.Debug|Any CPU.Build.0 = Debug|Any CPU
		{3FCFEF34-0402-4E5B-9894-7E67234573A5}.Release|Any CPU.ActiveCfg = Release|Any CPU
		{3FCFEF34-0402-4E5B-9894-7E67234573A5}.Release|Any CPU.Build.0 = Release|Any CPU
		{96DABA36-9BE9-47EA-AB48-2E1CB90FB6B2}.Debug|Any CPU.ActiveCfg = Debug|Any CPU
		{96DABA36-9BE9-47EA-AB48-2E1CB90FB6B2}.Debug|Any CPU.Build.0 = Debug|Any CPU
		{96DABA36-9BE9-47EA-AB48-2E1CB90FB6B2}.Release|Any CPU.ActiveCfg = Release|Any CPU
		{96DABA36-9BE9-47EA-AB48-2E1CB90FB6B2}.Release|Any CPU.Build.0 = Release|Any CPU
		{5863184F-4BF7-4733-9F6A-6B2B95D72291}.Debug|Any CPU.ActiveCfg = Debug|Any CPU
		{5863184F-4BF7-4733-9F6A-6B2B95D72291}.Debug|Any CPU.Build.0 = Debug|Any CPU
		{5863184F-4BF7-4733-9F6A-6B2B95D72291}.Release|Any CPU.ActiveCfg = Release|Any CPU
		{5863184F-4BF7-4733-9F6A-6B2B95D72291}.Release|Any CPU.Build.0 = Release|Any CPU
		{DAE87137-DCEE-4636-9D7C-50AA557962A6}.Debug|Any CPU.ActiveCfg = Debug|Any CPU
		{DAE87137-DCEE-4636-9D7C-50AA557962A6}.Debug|Any CPU.Build.0 = Debug|Any CPU
		{DAE87137-DCEE-4636-9D7C-50AA557962A6}.Release|Any CPU.ActiveCfg = Release|Any CPU
		{DAE87137-DCEE-4636-9D7C-50AA557962A6}.Release|Any CPU.Build.0 = Release|Any CPU
		{DCB3E9F3-08C2-4D46-B9FD-5ECF7F061B16}.Debug|Any CPU.ActiveCfg = Debug|Any CPU
		{DCB3E9F3-08C2-4D46-B9FD-5ECF7F061B16}.Debug|Any CPU.Build.0 = Debug|Any CPU
		{DCB3E9F3-08C2-4D46-B9FD-5ECF7F061B16}.Release|Any CPU.ActiveCfg = Release|Any CPU
		{DCB3E9F3-08C2-4D46-B9FD-5ECF7F061B16}.Release|Any CPU.Build.0 = Release|Any CPU
		{7D18EF82-FD37-43A8-BC63-91B21631373B}.Debug|Any CPU.ActiveCfg = Debug|Any CPU
		{7D18EF82-FD37-43A8-BC63-91B21631373B}.Debug|Any CPU.Build.0 = Debug|Any CPU
		{7D18EF82-FD37-43A8-BC63-91B21631373B}.Release|Any CPU.ActiveCfg = Release|Any CPU
		{7D18EF82-FD37-43A8-BC63-91B21631373B}.Release|Any CPU.Build.0 = Release|Any CPU
		{3CEDB0AE-AB32-4173-9FC7-3C327455220F}.Debug|Any CPU.ActiveCfg = Debug|Any CPU
		{3CEDB0AE-AB32-4173-9FC7-3C327455220F}.Debug|Any CPU.Build.0 = Debug|Any CPU
		{3CEDB0AE-AB32-4173-9FC7-3C327455220F}.Release|Any CPU.ActiveCfg = Release|Any CPU
		{3CEDB0AE-AB32-4173-9FC7-3C327455220F}.Release|Any CPU.Build.0 = Release|Any CPU
		{FA23837A-3015-4A31-8AC3-52BC9AC9B0BB}.Debug|Any CPU.ActiveCfg = Debug|Any CPU
		{FA23837A-3015-4A31-8AC3-52BC9AC9B0BB}.Debug|Any CPU.Build.0 = Debug|Any CPU
		{FA23837A-3015-4A31-8AC3-52BC9AC9B0BB}.Release|Any CPU.ActiveCfg = Release|Any CPU
		{FA23837A-3015-4A31-8AC3-52BC9AC9B0BB}.Release|Any CPU.Build.0 = Release|Any CPU
		{75D81791-B51E-4246-9C23-6153F84EC2BF}.Debug|Any CPU.ActiveCfg = Debug|Any CPU
		{75D81791-B51E-4246-9C23-6153F84EC2BF}.Debug|Any CPU.Build.0 = Debug|Any CPU
		{75D81791-B51E-4246-9C23-6153F84EC2BF}.Release|Any CPU.ActiveCfg = Release|Any CPU
		{75D81791-B51E-4246-9C23-6153F84EC2BF}.Release|Any CPU.Build.0 = Release|Any CPU
		{C06ACD0C-9882-4FB6-BC9F-608FAB1FC0C7}.Debug|Any CPU.ActiveCfg = Debug|Any CPU
		{C06ACD0C-9882-4FB6-BC9F-608FAB1FC0C7}.Debug|Any CPU.Build.0 = Debug|Any CPU
		{C06ACD0C-9882-4FB6-BC9F-608FAB1FC0C7}.Release|Any CPU.ActiveCfg = Release|Any CPU
		{C06ACD0C-9882-4FB6-BC9F-608FAB1FC0C7}.Release|Any CPU.Build.0 = Release|Any CPU
		{01A92680-398F-42BA-875B-8350AD066C63}.Debug|Any CPU.ActiveCfg = Debug|Any CPU
		{01A92680-398F-42BA-875B-8350AD066C63}.Debug|Any CPU.Build.0 = Debug|Any CPU
		{01A92680-398F-42BA-875B-8350AD066C63}.Release|Any CPU.ActiveCfg = Release|Any CPU
		{01A92680-398F-42BA-875B-8350AD066C63}.Release|Any CPU.Build.0 = Release|Any CPU
		{0D94F796-64A9-4445-8070-622D99E79337}.Debug|Any CPU.ActiveCfg = Debug|Any CPU
		{0D94F796-64A9-4445-8070-622D99E79337}.Debug|Any CPU.Build.0 = Debug|Any CPU
		{0D94F796-64A9-4445-8070-622D99E79337}.Release|Any CPU.ActiveCfg = Release|Any CPU
		{0D94F796-64A9-4445-8070-622D99E79337}.Release|Any CPU.Build.0 = Release|Any CPU
		{2243EC67-5889-4D92-9B30-1A37BD3BF0E8}.Debug|Any CPU.ActiveCfg = Debug|Any CPU
		{2243EC67-5889-4D92-9B30-1A37BD3BF0E8}.Debug|Any CPU.Build.0 = Debug|Any CPU
		{2243EC67-5889-4D92-9B30-1A37BD3BF0E8}.Release|Any CPU.ActiveCfg = Release|Any CPU
		{2243EC67-5889-4D92-9B30-1A37BD3BF0E8}.Release|Any CPU.Build.0 = Release|Any CPU
		{39CD9687-FD15-4DB2-A6FA-961246159EA1}.Debug|Any CPU.ActiveCfg = Debug|Any CPU
		{39CD9687-FD15-4DB2-A6FA-961246159EA1}.Debug|Any CPU.Build.0 = Debug|Any CPU
		{39CD9687-FD15-4DB2-A6FA-961246159EA1}.Release|Any CPU.ActiveCfg = Release|Any CPU
		{39CD9687-FD15-4DB2-A6FA-961246159EA1}.Release|Any CPU.Build.0 = Release|Any CPU
		{5149D43A-0C56-46B5-B0C4-9A02597E4D54}.Debug|Any CPU.ActiveCfg = Debug|Any CPU
		{5149D43A-0C56-46B5-B0C4-9A02597E4D54}.Debug|Any CPU.Build.0 = Debug|Any CPU
		{5149D43A-0C56-46B5-B0C4-9A02597E4D54}.Release|Any CPU.ActiveCfg = Release|Any CPU
		{5149D43A-0C56-46B5-B0C4-9A02597E4D54}.Release|Any CPU.Build.0 = Release|Any CPU
		{2F9DA6D4-D392-48A8-B8A1-C94461EE1C40}.Debug|Any CPU.ActiveCfg = Debug|Any CPU
		{2F9DA6D4-D392-48A8-B8A1-C94461EE1C40}.Debug|Any CPU.Build.0 = Debug|Any CPU
		{2F9DA6D4-D392-48A8-B8A1-C94461EE1C40}.Release|Any CPU.ActiveCfg = Release|Any CPU
		{2F9DA6D4-D392-48A8-B8A1-C94461EE1C40}.Release|Any CPU.Build.0 = Release|Any CPU
		{FCB8EAEA-11C5-4AB3-9373-4CB8AB900521}.Debug|Any CPU.ActiveCfg = Debug|Any CPU
		{FCB8EAEA-11C5-4AB3-9373-4CB8AB900521}.Debug|Any CPU.Build.0 = Debug|Any CPU
		{FCB8EAEA-11C5-4AB3-9373-4CB8AB900521}.Release|Any CPU.ActiveCfg = Release|Any CPU
		{FCB8EAEA-11C5-4AB3-9373-4CB8AB900521}.Release|Any CPU.Build.0 = Release|Any CPU
		{CE4A73E1-93E8-4698-93A8-1E05D45A417B}.Debug|Any CPU.ActiveCfg = Debug|Any CPU
		{CE4A73E1-93E8-4698-93A8-1E05D45A417B}.Debug|Any CPU.Build.0 = Debug|Any CPU
		{CE4A73E1-93E8-4698-93A8-1E05D45A417B}.Release|Any CPU.ActiveCfg = Release|Any CPU
		{CE4A73E1-93E8-4698-93A8-1E05D45A417B}.Release|Any CPU.Build.0 = Release|Any CPU
		{D2649585-6432-4460-A2A7-99FDA30168E8}.Debug|Any CPU.ActiveCfg = Debug|Any CPU
		{D2649585-6432-4460-A2A7-99FDA30168E8}.Debug|Any CPU.Build.0 = Debug|Any CPU
		{D2649585-6432-4460-A2A7-99FDA30168E8}.Release|Any CPU.ActiveCfg = Release|Any CPU
		{D2649585-6432-4460-A2A7-99FDA30168E8}.Release|Any CPU.Build.0 = Release|Any CPU
		{F7236C32-6EA4-4FD2-A56F-A4BBDC171C02}.Debug|Any CPU.ActiveCfg = Debug|Any CPU
		{F7236C32-6EA4-4FD2-A56F-A4BBDC171C02}.Debug|Any CPU.Build.0 = Debug|Any CPU
		{F7236C32-6EA4-4FD2-A56F-A4BBDC171C02}.Release|Any CPU.ActiveCfg = Release|Any CPU
		{F7236C32-6EA4-4FD2-A56F-A4BBDC171C02}.Release|Any CPU.Build.0 = Release|Any CPU
		{3638519E-6CEE-4F01-8BB7-E6AB2A246142}.Debug|Any CPU.ActiveCfg = Debug|Any CPU
		{3638519E-6CEE-4F01-8BB7-E6AB2A246142}.Debug|Any CPU.Build.0 = Debug|Any CPU
		{3638519E-6CEE-4F01-8BB7-E6AB2A246142}.Release|Any CPU.ActiveCfg = Release|Any CPU
		{3638519E-6CEE-4F01-8BB7-E6AB2A246142}.Release|Any CPU.Build.0 = Release|Any CPU
		{63EDFE86-1BE2-4D51-AEC8-A136ACD88071}.Debug|Any CPU.ActiveCfg = Debug|Any CPU
		{63EDFE86-1BE2-4D51-AEC8-A136ACD88071}.Debug|Any CPU.Build.0 = Debug|Any CPU
		{63EDFE86-1BE2-4D51-AEC8-A136ACD88071}.Release|Any CPU.ActiveCfg = Release|Any CPU
		{63EDFE86-1BE2-4D51-AEC8-A136ACD88071}.Release|Any CPU.Build.0 = Release|Any CPU
		{47888EC6-242C-DF34-C1A4-4D02AA72A85C}.Debug|Any CPU.ActiveCfg = Debug|Any CPU
		{47888EC6-242C-DF34-C1A4-4D02AA72A85C}.Debug|Any CPU.Build.0 = Debug|Any CPU
		{47888EC6-242C-DF34-C1A4-4D02AA72A85C}.Release|Any CPU.ActiveCfg = Release|Any CPU
		{47888EC6-242C-DF34-C1A4-4D02AA72A85C}.Release|Any CPU.Build.0 = Release|Any CPU
	EndGlobalSection
	GlobalSection(SolutionProperties) = preSolution
		HideSolutionNode = FALSE
	EndGlobalSection
	GlobalSection(NestedProjects) = preSolution
		{96DABA36-9BE9-47EA-AB48-2E1CB90FB6B2} = {6F203CDD-36DE-47E6-81CD-BD902F474287}
		{5863184F-4BF7-4733-9F6A-6B2B95D72291} = {D01D35A1-67C2-4520-91F5-BD863407D1D7}
		{DAE87137-DCEE-4636-9D7C-50AA557962A6} = {6F203CDD-36DE-47E6-81CD-BD902F474287}
		{DCB3E9F3-08C2-4D46-B9FD-5ECF7F061B16} = {6F203CDD-36DE-47E6-81CD-BD902F474287}
		{7D18EF82-FD37-43A8-BC63-91B21631373B} = {6F203CDD-36DE-47E6-81CD-BD902F474287}
		{3CEDB0AE-AB32-4173-9FC7-3C327455220F} = {6F203CDD-36DE-47E6-81CD-BD902F474287}
		{FA23837A-3015-4A31-8AC3-52BC9AC9B0BB} = {6F203CDD-36DE-47E6-81CD-BD902F474287}
		{75D81791-B51E-4246-9C23-6153F84EC2BF} = {6F203CDD-36DE-47E6-81CD-BD902F474287}
		{C06ACD0C-9882-4FB6-BC9F-608FAB1FC0C7} = {D01D35A1-67C2-4520-91F5-BD863407D1D7}
		{01A92680-398F-42BA-875B-8350AD066C63} = {D01D35A1-67C2-4520-91F5-BD863407D1D7}
		{0D94F796-64A9-4445-8070-622D99E79337} = {155E13D8-9D35-49C6-9FD0-9EBB26AA357D}
		{2243EC67-5889-4D92-9B30-1A37BD3BF0E8} = {155E13D8-9D35-49C6-9FD0-9EBB26AA357D}
		{39CD9687-FD15-4DB2-A6FA-961246159EA1} = {155E13D8-9D35-49C6-9FD0-9EBB26AA357D}
		{5149D43A-0C56-46B5-B0C4-9A02597E4D54} = {155E13D8-9D35-49C6-9FD0-9EBB26AA357D}
		{A2BC5E60-935E-47CE-A31D-B7DACF83D4F1} = {155E13D8-9D35-49C6-9FD0-9EBB26AA357D}
		{2F9DA6D4-D392-48A8-B8A1-C94461EE1C40} = {A2BC5E60-935E-47CE-A31D-B7DACF83D4F1}
		{FCB8EAEA-11C5-4AB3-9373-4CB8AB900521} = {A2BC5E60-935E-47CE-A31D-B7DACF83D4F1}
		{CE4A73E1-93E8-4698-93A8-1E05D45A417B} = {A2BC5E60-935E-47CE-A31D-B7DACF83D4F1}
		{D2649585-6432-4460-A2A7-99FDA30168E8} = {A2BC5E60-935E-47CE-A31D-B7DACF83D4F1}
		{F7236C32-6EA4-4FD2-A56F-A4BBDC171C02} = {A2BC5E60-935E-47CE-A31D-B7DACF83D4F1}
		{3638519E-6CEE-4F01-8BB7-E6AB2A246142} = {A2BC5E60-935E-47CE-A31D-B7DACF83D4F1}
		{63EDFE86-1BE2-4D51-AEC8-A136ACD88071} = {A2BC5E60-935E-47CE-A31D-B7DACF83D4F1}
	EndGlobalSection
	GlobalSection(ExtensibilityGlobals) = postSolution
		SolutionGuid = {CA16DDC9-3E17-440A-AC80-E378A152E315}
	EndGlobalSection
EndGlobal
