
Microsoft Visual Studio Solution File, Format Version 12.00
# Visual Studio Version 17
VisualStudioVersion = 17.0.31903.59
MinimumVisualStudioVersion = 10.0.40219.1
Project("{FAE04EC0-301F-11D3-BF4B-00C04F79EFBC}") = "Base.Infrastructure.Toolkits.Test", "test\Base.Infrastructure.Toolkits.Test\Base.Infrastructure.Toolkits.Test.csproj", "{7644C2A1-9DF8-484C-9B57-DBCD895208C4}"
EndProject
Project("{FAE04EC0-301F-11D3-BF4B-00C04F79EFBC}") = "Base.NPOI", "src\service\Base.NPOI\Base.NPOI.csproj", "{837157E2-C300-4E70-96D2-34CBE5D4A08B}"
EndProject
Project("{FAE04EC0-301F-11D3-BF4B-00C04F79EFBC}") = "Base.Files", "src\service\Base.File\Base.Files.csproj", "{10FB058F-2D74-436C-985A-5F64BFEEA689}"
EndProject
Project("{FAE04EC0-301F-11D3-BF4B-00C04F79EFBC}") = "Base.Authentication", "src\service\Base.Authentication\Base.Authentication.csproj", "{5D05A5B5-20FA-449E-A4D0-4130D99C69E1}"
EndProject
Project("{FAE04EC0-301F-11D3-BF4B-00C04F79EFBC}") = "Base.Domain", "src\Base.Domain\Base.Domain.csproj", "{B0FEA85F-3185-495A-A655-631EAAF0089F}"
EndProject
Project("{FAE04EC0-301F-11D3-BF4B-00C04F79EFBC}") = "Base.Infrastructure.Toolkits", "src\Base.Infrastructure.Toolkits\Base.Infrastructure.Toolkits.csproj", "{73751AE7-573C-422D-8BEA-1458C475E09F}"
EndProject
Project("{FAE04EC0-301F-11D3-BF4B-00C04F79EFBC}") = "Base.Security", "src\service\Base.Security\Base.Security.csproj", "{C3DDE1B4-09F7-4938-B4A7-4EE3275E0CBF}"
EndProject
Project("{FAE04EC0-301F-11D3-BF4B-00C04F79EFBC}") = "Base.Hangfire", "src\service\Base.Hangfire\Base.Hangfire.csproj", "{FCEA6700-94DB-4225-9E2B-5C5CB99A5C8D}"
EndProject
Project("{FAE04EC0-301F-11D3-BF4B-00C04F79EFBC}") = "Base.Infrastructure", "src\Base.Infrastructure\Base.Infrastructure.csproj", "{213B6F80-5FEF-4715-A47A-80AD2EA736A9}"
EndProject
Project("{FAE04EC0-301F-11D3-BF4B-00C04F79EFBC}") = "Base.Infrastructure.Interface", "src\Base.Infrastructure.Interface\Base.Infrastructure.Interface.csproj", "{335FBB9B-0DD2-4F1A-A1EA-E8E4CAED392F}"
EndProject
Project("{2150E333-8FDC-42A3-9474-1A3956D46DE8}") = "Solution Items", "Solution Items", "{057BBD75-7EF4-4DC3-A521-22137CB19B21}"
	ProjectSection(SolutionItems) = preProject
		.editorconfig = .editorconfig
		.gitignore = .gitignore
		..\Directory.Packages.props = ..\Directory.Packages.props
		docfx.json = docfx.json
		README.md = README.md
		README.Template.md = README.Template.md
	EndProjectSection
EndProject
Project("{FAE04EC0-301F-11D3-BF4B-00C04F79EFBC}") = "Base.Mail", "src\service\Base.Mail\Base.Mail.csproj", "{2A156780-624C-4B50-AD7A-D4C7E48A4E7F}"
EndProject
Project("{FAE04EC0-301F-11D3-BF4B-00C04F79EFBC}") = "Base.Aspose", "src\service\Base.Aspose\Base.Aspose.csproj", "{494895E5-5416-4279-81D8-3887A1FC44EF}"
EndProject
Project("{FAE04EC0-301F-11D3-BF4B-00C04F79EFBC}") = "Base.Security.Test", "test\Base.Security.Test\Base.Security.Test.csproj", "{5645D0A4-72F7-46D2-A7EE-715DD48F5139}"
EndProject
Project("{FAE04EC0-301F-11D3-BF4B-00C04F79EFBC}") = "Base.Aspose.Test", "test\Base.Aspose.Test\Base.Aspose.Test.csproj", "{968B49FD-6056-4CF8-94AB-A438E8180972}"
EndProject
Project("{FAE04EC0-301F-11D3-BF4B-00C04F79EFBC}") = "Base.NPOI.Test", "test\Base.NPOI.Test\Base.NPOI.Test.csproj", "{AAEE5AAA-455E-4AA2-AD82-B6CC5E8B5097}"
EndProject
Project("{FAE04EC0-301F-11D3-BF4B-00C04F79EFBC}") = "Base.Mail.Test", "test\Base.Mail.Test\Base.Mail.Test.csproj", "{0D498095-10DF-4EFC-93E8-38CF6ED0355C}"
EndProject
Project("{FAE04EC0-301F-11D3-BF4B-00C04F79EFBC}") = "Base.Authentication.Test", "test\Base.Authentication.Test\Base.Authentication.Test.csproj", "{1E875AB4-0BEC-4811-9676-EB043F46EDE5}"
EndProject
Project("{FAE04EC0-301F-11D3-BF4B-00C04F79EFBC}") = "Base.Files.Test", "test\Base.Files.Test\Base.Files.Test.csproj", "{2F879FAA-F1D0-47A7-A625-48A4B598E78D}"
EndProject
Project("{FAE04EC0-301F-11D3-BF4B-00C04F79EFBC}") = "Base.Hangfire.Test", "test\Base.Hangfire.Test\Base.Hangfire.Test.csproj", "{76B7F66E-5352-46EE-A224-3DB14C0C8BF1}"
EndProject
Project("{2150E333-8FDC-42A3-9474-1A3956D46DE8}") = "src", "src", "{4845CD44-556E-4AC0-8233-CE8D091032E5}"
EndProject
Project("{2150E333-8FDC-42A3-9474-1A3956D46DE8}") = "test", "test", "{1A1EA69C-3737-4BEF-838C-FC9F0AB45EA3}"
EndProject
Project("{2150E333-8FDC-42A3-9474-1A3956D46DE8}") = "service", "service", "{7CD2BEBE-7722-47A6-B5E4-205C588DC343}"
EndProject
Global
	GlobalSection(SolutionConfigurationPlatforms) = preSolution
		Debug|Any CPU = Debug|Any CPU
		Release|Any CPU = Release|Any CPU
	EndGlobalSection
	GlobalSection(ProjectConfigurationPlatforms) = postSolution
		{7644C2A1-9DF8-484C-9B57-DBCD895208C4}.Debug|Any CPU.ActiveCfg = Debug|Any CPU
		{7644C2A1-9DF8-484C-9B57-DBCD895208C4}.Debug|Any CPU.Build.0 = Debug|Any CPU
		{7644C2A1-9DF8-484C-9B57-DBCD895208C4}.Release|Any CPU.ActiveCfg = Release|Any CPU
		{7644C2A1-9DF8-484C-9B57-DBCD895208C4}.Release|Any CPU.Build.0 = Release|Any CPU
		{837157E2-C300-4E70-96D2-34CBE5D4A08B}.Debug|Any CPU.ActiveCfg = Debug|Any CPU
		{837157E2-C300-4E70-96D2-34CBE5D4A08B}.Debug|Any CPU.Build.0 = Debug|Any CPU
		{837157E2-C300-4E70-96D2-34CBE5D4A08B}.Release|Any CPU.ActiveCfg = Release|Any CPU
		{837157E2-C300-4E70-96D2-34CBE5D4A08B}.Release|Any CPU.Build.0 = Release|Any CPU
		{10FB058F-2D74-436C-985A-5F64BFEEA689}.Debug|Any CPU.ActiveCfg = Debug|Any CPU
		{10FB058F-2D74-436C-985A-5F64BFEEA689}.Debug|Any CPU.Build.0 = Debug|Any CPU
		{10FB058F-2D74-436C-985A-5F64BFEEA689}.Release|Any CPU.ActiveCfg = Release|Any CPU
		{10FB058F-2D74-436C-985A-5F64BFEEA689}.Release|Any CPU.Build.0 = Release|Any CPU
		{5D05A5B5-20FA-449E-A4D0-4130D99C69E1}.Debug|Any CPU.ActiveCfg = Debug|Any CPU
		{5D05A5B5-20FA-449E-A4D0-4130D99C69E1}.Debug|Any CPU.Build.0 = Debug|Any CPU
		{5D05A5B5-20FA-449E-A4D0-4130D99C69E1}.Release|Any CPU.ActiveCfg = Release|Any CPU
		{5D05A5B5-20FA-449E-A4D0-4130D99C69E1}.Release|Any CPU.Build.0 = Release|Any CPU
		{B0FEA85F-3185-495A-A655-631EAAF0089F}.Debug|Any CPU.ActiveCfg = Debug|Any CPU
		{B0FEA85F-3185-495A-A655-631EAAF0089F}.Debug|Any CPU.Build.0 = Debug|Any CPU
		{B0FEA85F-3185-495A-A655-631EAAF0089F}.Release|Any CPU.ActiveCfg = Release|Any CPU
		{B0FEA85F-3185-495A-A655-631EAAF0089F}.Release|Any CPU.Build.0 = Release|Any CPU
		{73751AE7-573C-422D-8BEA-1458C475E09F}.Debug|Any CPU.ActiveCfg = Debug|Any CPU
		{73751AE7-573C-422D-8BEA-1458C475E09F}.Debug|Any CPU.Build.0 = Debug|Any CPU
		{73751AE7-573C-422D-8BEA-1458C475E09F}.Release|Any CPU.ActiveCfg = Release|Any CPU
		{73751AE7-573C-422D-8BEA-1458C475E09F}.Release|Any CPU.Build.0 = Release|Any CPU
		{C3DDE1B4-09F7-4938-B4A7-4EE3275E0CBF}.Debug|Any CPU.ActiveCfg = Debug|Any CPU
		{C3DDE1B4-09F7-4938-B4A7-4EE3275E0CBF}.Debug|Any CPU.Build.0 = Debug|Any CPU
		{C3DDE1B4-09F7-4938-B4A7-4EE3275E0CBF}.Release|Any CPU.ActiveCfg = Release|Any CPU
		{C3DDE1B4-09F7-4938-B4A7-4EE3275E0CBF}.Release|Any CPU.Build.0 = Release|Any CPU
		{FCEA6700-94DB-4225-9E2B-5C5CB99A5C8D}.Debug|Any CPU.ActiveCfg = Debug|Any CPU
		{FCEA6700-94DB-4225-9E2B-5C5CB99A5C8D}.Debug|Any CPU.Build.0 = Debug|Any CPU
		{FCEA6700-94DB-4225-9E2B-5C5CB99A5C8D}.Release|Any CPU.ActiveCfg = Release|Any CPU
		{FCEA6700-94DB-4225-9E2B-5C5CB99A5C8D}.Release|Any CPU.Build.0 = Release|Any CPU
		{213B6F80-5FEF-4715-A47A-80AD2EA736A9}.Debug|Any CPU.ActiveCfg = Debug|Any CPU
		{213B6F80-5FEF-4715-A47A-80AD2EA736A9}.Debug|Any CPU.Build.0 = Debug|Any CPU
		{213B6F80-5FEF-4715-A47A-80AD2EA736A9}.Release|Any CPU.ActiveCfg = Release|Any CPU
		{213B6F80-5FEF-4715-A47A-80AD2EA736A9}.Release|Any CPU.Build.0 = Release|Any CPU
		{335FBB9B-0DD2-4F1A-A1EA-E8E4CAED392F}.Debug|Any CPU.ActiveCfg = Debug|Any CPU
		{335FBB9B-0DD2-4F1A-A1EA-E8E4CAED392F}.Debug|Any CPU.Build.0 = Debug|Any CPU
		{335FBB9B-0DD2-4F1A-A1EA-E8E4CAED392F}.Release|Any CPU.ActiveCfg = Release|Any CPU
		{335FBB9B-0DD2-4F1A-A1EA-E8E4CAED392F}.Release|Any CPU.Build.0 = Release|Any CPU
		{2A156780-624C-4B50-AD7A-D4C7E48A4E7F}.Debug|Any CPU.ActiveCfg = Debug|Any CPU
		{2A156780-624C-4B50-AD7A-D4C7E48A4E7F}.Debug|Any CPU.Build.0 = Debug|Any CPU
		{2A156780-624C-4B50-AD7A-D4C7E48A4E7F}.Release|Any CPU.ActiveCfg = Release|Any CPU
		{2A156780-624C-4B50-AD7A-D4C7E48A4E7F}.Release|Any CPU.Build.0 = Release|Any CPU
		{494895E5-5416-4279-81D8-3887A1FC44EF}.Debug|Any CPU.ActiveCfg = Debug|Any CPU
		{494895E5-5416-4279-81D8-3887A1FC44EF}.Debug|Any CPU.Build.0 = Debug|Any CPU
		{494895E5-5416-4279-81D8-3887A1FC44EF}.Release|Any CPU.ActiveCfg = Release|Any CPU
		{494895E5-5416-4279-81D8-3887A1FC44EF}.Release|Any CPU.Build.0 = Release|Any CPU
		{5645D0A4-72F7-46D2-A7EE-715DD48F5139}.Debug|Any CPU.ActiveCfg = Debug|Any CPU
		{5645D0A4-72F7-46D2-A7EE-715DD48F5139}.Debug|Any CPU.Build.0 = Debug|Any CPU
		{5645D0A4-72F7-46D2-A7EE-715DD48F5139}.Release|Any CPU.ActiveCfg = Release|Any CPU
		{5645D0A4-72F7-46D2-A7EE-715DD48F5139}.Release|Any CPU.Build.0 = Release|Any CPU
		{968B49FD-6056-4CF8-94AB-A438E8180972}.Debug|Any CPU.ActiveCfg = Debug|Any CPU
		{968B49FD-6056-4CF8-94AB-A438E8180972}.Debug|Any CPU.Build.0 = Debug|Any CPU
		{968B49FD-6056-4CF8-94AB-A438E8180972}.Release|Any CPU.ActiveCfg = Release|Any CPU
		{968B49FD-6056-4CF8-94AB-A438E8180972}.Release|Any CPU.Build.0 = Release|Any CPU
		{AAEE5AAA-455E-4AA2-AD82-B6CC5E8B5097}.Debug|Any CPU.ActiveCfg = Debug|Any CPU
		{AAEE5AAA-455E-4AA2-AD82-B6CC5E8B5097}.Debug|Any CPU.Build.0 = Debug|Any CPU
		{AAEE5AAA-455E-4AA2-AD82-B6CC5E8B5097}.Release|Any CPU.ActiveCfg = Release|Any CPU
		{AAEE5AAA-455E-4AA2-AD82-B6CC5E8B5097}.Release|Any CPU.Build.0 = Release|Any CPU
		{0D498095-10DF-4EFC-93E8-38CF6ED0355C}.Debug|Any CPU.ActiveCfg = Debug|Any CPU
		{0D498095-10DF-4EFC-93E8-38CF6ED0355C}.Debug|Any CPU.Build.0 = Debug|Any CPU
		{0D498095-10DF-4EFC-93E8-38CF6ED0355C}.Release|Any CPU.ActiveCfg = Release|Any CPU
		{0D498095-10DF-4EFC-93E8-38CF6ED0355C}.Release|Any CPU.Build.0 = Release|Any CPU
		{1E875AB4-0BEC-4811-9676-EB043F46EDE5}.Debug|Any CPU.ActiveCfg = Debug|Any CPU
		{1E875AB4-0BEC-4811-9676-EB043F46EDE5}.Debug|Any CPU.Build.0 = Debug|Any CPU
		{1E875AB4-0BEC-4811-9676-EB043F46EDE5}.Release|Any CPU.ActiveCfg = Release|Any CPU
		{1E875AB4-0BEC-4811-9676-EB043F46EDE5}.Release|Any CPU.Build.0 = Release|Any CPU
		{2F879FAA-F1D0-47A7-A625-48A4B598E78D}.Debug|Any CPU.ActiveCfg = Debug|Any CPU
		{2F879FAA-F1D0-47A7-A625-48A4B598E78D}.Debug|Any CPU.Build.0 = Debug|Any CPU
		{2F879FAA-F1D0-47A7-A625-48A4B598E78D}.Release|Any CPU.ActiveCfg = Release|Any CPU
		{2F879FAA-F1D0-47A7-A625-48A4B598E78D}.Release|Any CPU.Build.0 = Release|Any CPU
		{76B7F66E-5352-46EE-A224-3DB14C0C8BF1}.Debug|Any CPU.ActiveCfg = Debug|Any CPU
		{76B7F66E-5352-46EE-A224-3DB14C0C8BF1}.Debug|Any CPU.Build.0 = Debug|Any CPU
		{76B7F66E-5352-46EE-A224-3DB14C0C8BF1}.Release|Any CPU.ActiveCfg = Release|Any CPU
		{76B7F66E-5352-46EE-A224-3DB14C0C8BF1}.Release|Any CPU.Build.0 = Release|Any CPU
	EndGlobalSection
	GlobalSection(SolutionProperties) = preSolution
		HideSolutionNode = FALSE
	EndGlobalSection
	GlobalSection(NestedProjects) = preSolution
		{7644C2A1-9DF8-484C-9B57-DBCD895208C4} = {1A1EA69C-3737-4BEF-838C-FC9F0AB45EA3}
		{837157E2-C300-4E70-96D2-34CBE5D4A08B} = {7CD2BEBE-7722-47A6-B5E4-205C588DC343}
		{10FB058F-2D74-436C-985A-5F64BFEEA689} = {7CD2BEBE-7722-47A6-B5E4-205C588DC343}
		{5D05A5B5-20FA-449E-A4D0-4130D99C69E1} = {7CD2BEBE-7722-47A6-B5E4-205C588DC343}
		{B0FEA85F-3185-495A-A655-631EAAF0089F} = {4845CD44-556E-4AC0-8233-CE8D091032E5}
		{73751AE7-573C-422D-8BEA-1458C475E09F} = {4845CD44-556E-4AC0-8233-CE8D091032E5}
		{C3DDE1B4-09F7-4938-B4A7-4EE3275E0CBF} = {7CD2BEBE-7722-47A6-B5E4-205C588DC343}
		{FCEA6700-94DB-4225-9E2B-5C5CB99A5C8D} = {7CD2BEBE-7722-47A6-B5E4-205C588DC343}
		{213B6F80-5FEF-4715-A47A-80AD2EA736A9} = {4845CD44-556E-4AC0-8233-CE8D091032E5}
		{335FBB9B-0DD2-4F1A-A1EA-E8E4CAED392F} = {4845CD44-556E-4AC0-8233-CE8D091032E5}
		{2A156780-624C-4B50-AD7A-D4C7E48A4E7F} = {7CD2BEBE-7722-47A6-B5E4-205C588DC343}
		{494895E5-5416-4279-81D8-3887A1FC44EF} = {7CD2BEBE-7722-47A6-B5E4-205C588DC343}
		{5645D0A4-72F7-46D2-A7EE-715DD48F5139} = {1A1EA69C-3737-4BEF-838C-FC9F0AB45EA3}
		{968B49FD-6056-4CF8-94AB-A438E8180972} = {1A1EA69C-3737-4BEF-838C-FC9F0AB45EA3}
		{AAEE5AAA-455E-4AA2-AD82-B6CC5E8B5097} = {1A1EA69C-3737-4BEF-838C-FC9F0AB45EA3}
		{0D498095-10DF-4EFC-93E8-38CF6ED0355C} = {1A1EA69C-3737-4BEF-838C-FC9F0AB45EA3}
		{1E875AB4-0BEC-4811-9676-EB043F46EDE5} = {1A1EA69C-3737-4BEF-838C-FC9F0AB45EA3}
		{2F879FAA-F1D0-47A7-A625-48A4B598E78D} = {1A1EA69C-3737-4BEF-838C-FC9F0AB45EA3}
		{76B7F66E-5352-46EE-A224-3DB14C0C8BF1} = {1A1EA69C-3737-4BEF-838C-FC9F0AB45EA3}
		{7CD2BEBE-7722-47A6-B5E4-205C588DC343} = {4845CD44-556E-4AC0-8233-CE8D091032E5}
	EndGlobalSection
	GlobalSection(ExtensibilityGlobals) = postSolution
		SolutionGuid = {C166393F-A387-4346-8DC1-0BBAA1ED5919}
	EndGlobalSection
EndGlobal
