<Solution>
  <Folder Name="/tests/">
    <Project Path="tests/ModularMonolith.IntegrationTest/ModularMonolith.IntegrationTest.csproj" />
  </Folder>
  <Folder Name="/apps/" />
  <Folder Name="/apps/seed/">
    <Project Path="apps/seed/ModularMonolith.Seed.csproj" />
  </Folder>
  <Folder Name="/apps/webapi/">
    <Project Path="apps/webapi/ModularMonolith.WebApi.csproj" />
  </Folder>
  <Folder Name="/modules/" />
  <Folder Name="/modules/DataSource/" />
  <Folder Name="/modules/DataSource/Application/">
    <Project Path="modules/DataSource/Application/DataSource.Application.csproj" />
  </Folder>
  <Folder Name="/modules/DataSource/Domain/">
    <Project Path="modules/DataSource/Domain/DataSource.Domain.csproj" />
  </Folder>
  <Folder Name="/modules/DataSource/Infrastructure/">
    <Project Path="modules/DataSource/Infrastructure/DataSource.Infrastructure.csproj" />
  </Folder>
  <Folder Name="/modules/Order/" />
  <Folder Name="/modules/Order/Application/">
    <Project Path="modules/Order/Application/Order.Application.csproj" />
  </Folder>
  <Folder Name="/modules/Order/Domain/">
    <Project Path="modules/Order/Domain/Order.Domain.csproj" />
  </Folder>
  <Folder Name="/modules/Order/Infrastructure/">
    <Project Path="modules/Order/Infrastructure/Order.Infrastructure.csproj" />
  </Folder>
  <Folder Name="/modules/Order/IntegrationEvent/">
    <Project Path="modules/Order/IntegrationEvent/Order.IntegrationEvent.csproj" />
  </Folder>
  <Folder Name="/modules/Order/tests/">
    <Project Path="modules/Order/tests/Order.IntegrationTest/Order.IntegrationTest.csproj" />
    <Project Path="modules/Order/tests/Order.UnitTest/Order.UnitTest.csproj" />
  </Folder>
  <Folder Name="/modules/Product/" />
  <Folder Name="/modules/Product/Application/">
    <Project Path="modules/Product/Application/Product.Application.csproj" />
  </Folder>
  <Folder Name="/modules/Product/Domain/">
    <Project Path="modules/Product/Domain/Product.Domain.csproj" />
  </Folder>
  <Folder Name="/modules/Product/Infrastructure/">
    <Project Path="modules/Product/Infrastructure/Product.Infrastructure.csproj" />
  </Folder>
  <Folder Name="/modules/Product/IntegrationEvent/">
    <Project Path="modules/Product/IntegrationEvent/Product.IntegrationEvent.csproj" />
  </Folder>
  <Folder Name="/modules/Product/tests/">
    <Project Path="modules/Product/tests/Product.IntegrationTest/Product.IntegrationTest.csproj" />
    <Project Path="modules/Product/tests/Product.UnitTest/Product.UnitTest.csproj" />
  </Folder>
  <Folder Name="/modules/User/" />
  <Folder Name="/modules/User/Domain/">
    <Project Path="modules/User/Domain/User.Domain.csproj" />
  </Folder>
  <Folder Name="/modules/User/Infrastructure/">
    <Project Path="modules/User/Infrastructure/User.Infrastructure.csproj" />
  </Folder>
  <Folder Name="/modules/DataSource/tests/">
    <Project Path="modules/DataSource/tests/DataSource.UnitTest/DataSource.UnitTest.csproj" />
  </Folder>
  <Folder Name="/modules/User/tests/">
    <Project Path="modules/User/tests/User.UnitTest/User.UnitTest.csproj" />
  </Folder>
</Solution>
