
Microsoft Visual Studio Solution File, Format Version 12.00
# Visual Studio Version 17
VisualStudioVersion = 17.8.0.0
MinimumVisualStudioVersion = 17.8.0.0
Project("{FAE04EC0-301F-11D3-BF4B-00C04F79EFBC}") = "DataHub", "src\DataHub\DataHub.csproj", "{49D930BF-5B4F-4B64-8C00-920AAF4E0706}"
EndProject
Project("{FAE04EC0-301F-11D3-BF4B-00C04F79EFBC}") = "DataHub.Cloud", "src\DataHub.Cloud\DataHub.Cloud.csproj", "{4BC9A2D0-AE63-4446-A076-07F84977A153}"
EndProject
Project("{FAE04EC0-301F-11D3-BF4B-00C04F79EFBC}") = "DataHub.Infrastructure", "src\DataHub.Infrastructure\DataHub.Infrastructure.csproj", "{2913618E-38C6-42FA-A866-5F075B2645F1}"
EndProject
Project("{FAE04EC0-301F-11D3-BF4B-00C04F79EFBC}") = "DataHub.Bizform", "src\DataHub.Bizform\DataHub.Bizform.csproj", "{AAAD5612-2675-4B96-94BD-FEE1C3D42AC0}"
EndProject
Project("{FAE04EC0-301F-11D3-BF4B-00C04F79EFBC}") = "DataHub.Cloud.Test", "test\DataHub.Cloud.Test\DataHub.Cloud.Test.csproj", "{0DEDD0CB-A02F-47C0-9A5F-437E70942386}"
EndProject
Project("{2150E333-8FDC-42A3-9474-1A3956D46DE8}") = "Solution Items", "Solution Items", "{97FC4469-401C-4B22-84C4-E402FD149719}"
	ProjectSection(SolutionItems) = preProject
		.editorconfig = .editorconfig
		.gitignore = .gitignore
		..\Directory.Packages.props = ..\Directory.Packages.props
		generate.bat = generate.bat
		global.json = global.json
		README.md = README.md
		README.Template.md = README.Template.md
	EndProjectSection
EndProject
Project("{2150E333-8FDC-42A3-9474-1A3956D46DE8}") = "src", "src", "{D3DEF7D0-E1EC-4D48-9970-25F66800805B}"
EndProject
Project("{2150E333-8FDC-42A3-9474-1A3956D46DE8}") = "test", "test", "{5345FDFA-BA6A-4AB4-BDC6-DA849DA61642}"
EndProject
Project("{2150E333-8FDC-42A3-9474-1A3956D46DE8}") = "base", "base", "{63BB7890-9F75-4E27-A59A-9E970F8E97F5}"
EndProject
Project("{FAE04EC0-301F-11D3-BF4B-00C04F79EFBC}") = "Base.Domain", "..\Base\src\Base.Domain\Base.Domain.csproj", "{3FD7F82E-4FB3-4BE5-88EF-72A168787BDD}"
EndProject
Project("{FAE04EC0-301F-11D3-BF4B-00C04F79EFBC}") = "Base.Infrastructure", "..\Base\src\Base.Infrastructure\Base.Infrastructure.csproj", "{5E29A381-CE50-4805-BC2B-49D8C8DD14B4}"
EndProject
Project("{FAE04EC0-301F-11D3-BF4B-00C04F79EFBC}") = "Base.Infrastructure.Interface", "..\Base\src\Base.Infrastructure.Interface\Base.Infrastructure.Interface.csproj", "{B3F5B6FC-512F-49B7-862A-C21A3BB7C8D2}"
EndProject
Project("{FAE04EC0-301F-11D3-BF4B-00C04F79EFBC}") = "Base.Infrastructure.Toolkits", "..\Base\src\Base.Infrastructure.Toolkits\Base.Infrastructure.Toolkits.csproj", "{20FCD928-4258-4CDE-8549-4AC764B061E4}"
EndProject
Project("{2150E333-8FDC-42A3-9474-1A3956D46DE8}") = "service", "service", "{25A18BE6-EC59-4BE2-8574-9AF039C2A345}"
EndProject
Project("{FAE04EC0-301F-11D3-BF4B-00C04F79EFBC}") = "Base.Aspose", "..\Base\src\service\Base.Aspose\Base.Aspose.csproj", "{FACA8EB7-F54A-4807-87B3-815462B85DA8}"
EndProject
Project("{FAE04EC0-301F-11D3-BF4B-00C04F79EFBC}") = "Base.Authentication", "..\Base\src\service\Base.Authentication\Base.Authentication.csproj", "{0C2DA92B-0126-4B38-96D5-080A281963CA}"
EndProject
Project("{FAE04EC0-301F-11D3-BF4B-00C04F79EFBC}") = "Base.Files", "..\Base\src\service\Base.File\Base.Files.csproj", "{6031F55C-8410-4E6F-94BB-77023EA69578}"
EndProject
Project("{FAE04EC0-301F-11D3-BF4B-00C04F79EFBC}") = "Base.Hangfire", "..\Base\src\service\Base.Hangfire\Base.Hangfire.csproj", "{EA10E183-32C1-46A4-9D98-2AF54A579966}"
EndProject
Project("{FAE04EC0-301F-11D3-BF4B-00C04F79EFBC}") = "Base.Mail", "..\Base\src\service\Base.Mail\Base.Mail.csproj", "{189200E6-7225-432D-98E9-0775CF5352F2}"
EndProject
Project("{FAE04EC0-301F-11D3-BF4B-00C04F79EFBC}") = "Base.NPOI", "..\Base\src\service\Base.NPOI\Base.NPOI.csproj", "{51609970-A62F-4787-9790-7460086631A5}"
EndProject
Project("{FAE04EC0-301F-11D3-BF4B-00C04F79EFBC}") = "Base.Security", "..\Base\src\service\Base.Security\Base.Security.csproj", "{1F437925-75F0-48DA-9429-490A2A534C49}"
EndProject
Project("{2150E333-8FDC-42A3-9474-1A3956D46DE8}") = "aspire", "aspire", "{A95C5190-3AAA-48AE-B56A-09CC6345CA1C}"
EndProject
Project("{FAE04EC0-301F-11D3-BF4B-00C04F79EFBC}") = "Aspire.AppHost", "..\Aspire\Aspire.AppHost\Aspire.AppHost.csproj", "{1A1D1FF5-4330-4470-92CB-CB29F4CDFA05}"
EndProject
Project("{FAE04EC0-301F-11D3-BF4B-00C04F79EFBC}") = "Aspire.ServiceDefaults", "..\Aspire\Aspire.ServiceDefaults\Aspire.ServiceDefaults.csproj", "{583BA370-C110-4BF7-8EAD-C5E5ACFE0C75}"
EndProject
Project("{FAE04EC0-301F-11D3-BF4B-00C04F79EFBC}") = "DataHub.Bizform.Test", "test\DataHub.Bizform.Test\DataHub.Bizform.Test.csproj", "{A0CD0E0C-70AA-40D0-8988-EC9E5D6B9BA6}"
EndProject
Project("{FAE04EC0-301F-11D3-BF4B-00C04F79EFBC}") = "DataHub.Domain", "src\DataHub.Domain\DataHub.Domain.csproj", "{43FBD735-6892-4957-A362-36B9DA00218A}"
EndProject
Global
	GlobalSection(SolutionConfigurationPlatforms) = preSolution
		Debug|Any CPU = Debug|Any CPU
		Release|Any CPU = Release|Any CPU
	EndGlobalSection
	GlobalSection(ProjectConfigurationPlatforms) = postSolution
		{49D930BF-5B4F-4B64-8C00-920AAF4E0706}.Debug|Any CPU.ActiveCfg = Debug|Any CPU
		{49D930BF-5B4F-4B64-8C00-920AAF4E0706}.Debug|Any CPU.Build.0 = Debug|Any CPU
		{49D930BF-5B4F-4B64-8C00-920AAF4E0706}.Release|Any CPU.ActiveCfg = Release|Any CPU
		{49D930BF-5B4F-4B64-8C00-920AAF4E0706}.Release|Any CPU.Build.0 = Release|Any CPU
		{4BC9A2D0-AE63-4446-A076-07F84977A153}.Debug|Any CPU.ActiveCfg = Debug|Any CPU
		{4BC9A2D0-AE63-4446-A076-07F84977A153}.Debug|Any CPU.Build.0 = Debug|Any CPU
		{4BC9A2D0-AE63-4446-A076-07F84977A153}.Release|Any CPU.ActiveCfg = Release|Any CPU
		{4BC9A2D0-AE63-4446-A076-07F84977A153}.Release|Any CPU.Build.0 = Release|Any CPU
		{2913618E-38C6-42FA-A866-5F075B2645F1}.Debug|Any CPU.ActiveCfg = Debug|Any CPU
		{2913618E-38C6-42FA-A866-5F075B2645F1}.Debug|Any CPU.Build.0 = Debug|Any CPU
		{2913618E-38C6-42FA-A866-5F075B2645F1}.Release|Any CPU.ActiveCfg = Release|Any CPU
		{2913618E-38C6-42FA-A866-5F075B2645F1}.Release|Any CPU.Build.0 = Release|Any CPU
		{AAAD5612-2675-4B96-94BD-FEE1C3D42AC0}.Debug|Any CPU.ActiveCfg = Debug|Any CPU
		{AAAD5612-2675-4B96-94BD-FEE1C3D42AC0}.Debug|Any CPU.Build.0 = Debug|Any CPU
		{AAAD5612-2675-4B96-94BD-FEE1C3D42AC0}.Release|Any CPU.ActiveCfg = Release|Any CPU
		{AAAD5612-2675-4B96-94BD-FEE1C3D42AC0}.Release|Any CPU.Build.0 = Release|Any CPU
		{0DEDD0CB-A02F-47C0-9A5F-437E70942386}.Debug|Any CPU.ActiveCfg = Debug|Any CPU
		{0DEDD0CB-A02F-47C0-9A5F-437E70942386}.Debug|Any CPU.Build.0 = Debug|Any CPU
		{0DEDD0CB-A02F-47C0-9A5F-437E70942386}.Release|Any CPU.ActiveCfg = Release|Any CPU
		{0DEDD0CB-A02F-47C0-9A5F-437E70942386}.Release|Any CPU.Build.0 = Release|Any CPU
		{3FD7F82E-4FB3-4BE5-88EF-72A168787BDD}.Debug|Any CPU.ActiveCfg = Debug|Any CPU
		{3FD7F82E-4FB3-4BE5-88EF-72A168787BDD}.Debug|Any CPU.Build.0 = Debug|Any CPU
		{3FD7F82E-4FB3-4BE5-88EF-72A168787BDD}.Release|Any CPU.ActiveCfg = Release|Any CPU
		{3FD7F82E-4FB3-4BE5-88EF-72A168787BDD}.Release|Any CPU.Build.0 = Release|Any CPU
		{5E29A381-CE50-4805-BC2B-49D8C8DD14B4}.Debug|Any CPU.ActiveCfg = Debug|Any CPU
		{5E29A381-CE50-4805-BC2B-49D8C8DD14B4}.Debug|Any CPU.Build.0 = Debug|Any CPU
		{5E29A381-CE50-4805-BC2B-49D8C8DD14B4}.Release|Any CPU.ActiveCfg = Release|Any CPU
		{5E29A381-CE50-4805-BC2B-49D8C8DD14B4}.Release|Any CPU.Build.0 = Release|Any CPU
		{B3F5B6FC-512F-49B7-862A-C21A3BB7C8D2}.Debug|Any CPU.ActiveCfg = Debug|Any CPU
		{B3F5B6FC-512F-49B7-862A-C21A3BB7C8D2}.Debug|Any CPU.Build.0 = Debug|Any CPU
		{B3F5B6FC-512F-49B7-862A-C21A3BB7C8D2}.Release|Any CPU.ActiveCfg = Release|Any CPU
		{B3F5B6FC-512F-49B7-862A-C21A3BB7C8D2}.Release|Any CPU.Build.0 = Release|Any CPU
		{20FCD928-4258-4CDE-8549-4AC764B061E4}.Debug|Any CPU.ActiveCfg = Debug|Any CPU
		{20FCD928-4258-4CDE-8549-4AC764B061E4}.Debug|Any CPU.Build.0 = Debug|Any CPU
		{20FCD928-4258-4CDE-8549-4AC764B061E4}.Release|Any CPU.ActiveCfg = Release|Any CPU
		{20FCD928-4258-4CDE-8549-4AC764B061E4}.Release|Any CPU.Build.0 = Release|Any CPU
		{FACA8EB7-F54A-4807-87B3-815462B85DA8}.Debug|Any CPU.ActiveCfg = Debug|Any CPU
		{FACA8EB7-F54A-4807-87B3-815462B85DA8}.Debug|Any CPU.Build.0 = Debug|Any CPU
		{FACA8EB7-F54A-4807-87B3-815462B85DA8}.Release|Any CPU.ActiveCfg = Release|Any CPU
		{FACA8EB7-F54A-4807-87B3-815462B85DA8}.Release|Any CPU.Build.0 = Release|Any CPU
		{0C2DA92B-0126-4B38-96D5-080A281963CA}.Debug|Any CPU.ActiveCfg = Debug|Any CPU
		{0C2DA92B-0126-4B38-96D5-080A281963CA}.Debug|Any CPU.Build.0 = Debug|Any CPU
		{0C2DA92B-0126-4B38-96D5-080A281963CA}.Release|Any CPU.ActiveCfg = Release|Any CPU
		{0C2DA92B-0126-4B38-96D5-080A281963CA}.Release|Any CPU.Build.0 = Release|Any CPU
		{6031F55C-8410-4E6F-94BB-77023EA69578}.Debug|Any CPU.ActiveCfg = Debug|Any CPU
		{6031F55C-8410-4E6F-94BB-77023EA69578}.Debug|Any CPU.Build.0 = Debug|Any CPU
		{6031F55C-8410-4E6F-94BB-77023EA69578}.Release|Any CPU.ActiveCfg = Release|Any CPU
		{6031F55C-8410-4E6F-94BB-77023EA69578}.Release|Any CPU.Build.0 = Release|Any CPU
		{EA10E183-32C1-46A4-9D98-2AF54A579966}.Debug|Any CPU.ActiveCfg = Debug|Any CPU
		{EA10E183-32C1-46A4-9D98-2AF54A579966}.Debug|Any CPU.Build.0 = Debug|Any CPU
		{EA10E183-32C1-46A4-9D98-2AF54A579966}.Release|Any CPU.ActiveCfg = Release|Any CPU
		{EA10E183-32C1-46A4-9D98-2AF54A579966}.Release|Any CPU.Build.0 = Release|Any CPU
		{189200E6-7225-432D-98E9-0775CF5352F2}.Debug|Any CPU.ActiveCfg = Debug|Any CPU
		{189200E6-7225-432D-98E9-0775CF5352F2}.Debug|Any CPU.Build.0 = Debug|Any CPU
		{189200E6-7225-432D-98E9-0775CF5352F2}.Release|Any CPU.ActiveCfg = Release|Any CPU
		{189200E6-7225-432D-98E9-0775CF5352F2}.Release|Any CPU.Build.0 = Release|Any CPU
		{51609970-A62F-4787-9790-7460086631A5}.Debug|Any CPU.ActiveCfg = Debug|Any CPU
		{51609970-A62F-4787-9790-7460086631A5}.Debug|Any CPU.Build.0 = Debug|Any CPU
		{51609970-A62F-4787-9790-7460086631A5}.Release|Any CPU.ActiveCfg = Release|Any CPU
		{51609970-A62F-4787-9790-7460086631A5}.Release|Any CPU.Build.0 = Release|Any CPU
		{1F437925-75F0-48DA-9429-490A2A534C49}.Debug|Any CPU.ActiveCfg = Debug|Any CPU
		{1F437925-75F0-48DA-9429-490A2A534C49}.Debug|Any CPU.Build.0 = Debug|Any CPU
		{1F437925-75F0-48DA-9429-490A2A534C49}.Release|Any CPU.ActiveCfg = Release|Any CPU
		{1F437925-75F0-48DA-9429-490A2A534C49}.Release|Any CPU.Build.0 = Release|Any CPU
		{1A1D1FF5-4330-4470-92CB-CB29F4CDFA05}.Debug|Any CPU.ActiveCfg = Debug|Any CPU
		{1A1D1FF5-4330-4470-92CB-CB29F4CDFA05}.Debug|Any CPU.Build.0 = Debug|Any CPU
		{1A1D1FF5-4330-4470-92CB-CB29F4CDFA05}.Release|Any CPU.ActiveCfg = Release|Any CPU
		{1A1D1FF5-4330-4470-92CB-CB29F4CDFA05}.Release|Any CPU.Build.0 = Release|Any CPU
		{583BA370-C110-4BF7-8EAD-C5E5ACFE0C75}.Debug|Any CPU.ActiveCfg = Debug|Any CPU
		{583BA370-C110-4BF7-8EAD-C5E5ACFE0C75}.Debug|Any CPU.Build.0 = Debug|Any CPU
		{583BA370-C110-4BF7-8EAD-C5E5ACFE0C75}.Release|Any CPU.ActiveCfg = Release|Any CPU
		{583BA370-C110-4BF7-8EAD-C5E5ACFE0C75}.Release|Any CPU.Build.0 = Release|Any CPU
		{A0CD0E0C-70AA-40D0-8988-EC9E5D6B9BA6}.Debug|Any CPU.ActiveCfg = Debug|Any CPU
		{A0CD0E0C-70AA-40D0-8988-EC9E5D6B9BA6}.Debug|Any CPU.Build.0 = Debug|Any CPU
		{A0CD0E0C-70AA-40D0-8988-EC9E5D6B9BA6}.Release|Any CPU.ActiveCfg = Release|Any CPU
		{A0CD0E0C-70AA-40D0-8988-EC9E5D6B9BA6}.Release|Any CPU.Build.0 = Release|Any CPU
		{43FBD735-6892-4957-A362-36B9DA00218A}.Debug|Any CPU.ActiveCfg = Debug|Any CPU
		{43FBD735-6892-4957-A362-36B9DA00218A}.Debug|Any CPU.Build.0 = Debug|Any CPU
		{43FBD735-6892-4957-A362-36B9DA00218A}.Release|Any CPU.ActiveCfg = Release|Any CPU
		{43FBD735-6892-4957-A362-36B9DA00218A}.Release|Any CPU.Build.0 = Release|Any CPU
	EndGlobalSection
	GlobalSection(SolutionProperties) = preSolution
		HideSolutionNode = FALSE
	EndGlobalSection
	GlobalSection(NestedProjects) = preSolution
		{49D930BF-5B4F-4B64-8C00-920AAF4E0706} = {D3DEF7D0-E1EC-4D48-9970-25F66800805B}
		{4BC9A2D0-AE63-4446-A076-07F84977A153} = {D3DEF7D0-E1EC-4D48-9970-25F66800805B}
		{2913618E-38C6-42FA-A866-5F075B2645F1} = {D3DEF7D0-E1EC-4D48-9970-25F66800805B}
		{AAAD5612-2675-4B96-94BD-FEE1C3D42AC0} = {D3DEF7D0-E1EC-4D48-9970-25F66800805B}
		{0DEDD0CB-A02F-47C0-9A5F-437E70942386} = {5345FDFA-BA6A-4AB4-BDC6-DA849DA61642}
		{3FD7F82E-4FB3-4BE5-88EF-72A168787BDD} = {63BB7890-9F75-4E27-A59A-9E970F8E97F5}
		{5E29A381-CE50-4805-BC2B-49D8C8DD14B4} = {63BB7890-9F75-4E27-A59A-9E970F8E97F5}
		{B3F5B6FC-512F-49B7-862A-C21A3BB7C8D2} = {63BB7890-9F75-4E27-A59A-9E970F8E97F5}
		{20FCD928-4258-4CDE-8549-4AC764B061E4} = {63BB7890-9F75-4E27-A59A-9E970F8E97F5}
		{25A18BE6-EC59-4BE2-8574-9AF039C2A345} = {63BB7890-9F75-4E27-A59A-9E970F8E97F5}
		{FACA8EB7-F54A-4807-87B3-815462B85DA8} = {25A18BE6-EC59-4BE2-8574-9AF039C2A345}
		{0C2DA92B-0126-4B38-96D5-080A281963CA} = {25A18BE6-EC59-4BE2-8574-9AF039C2A345}
		{6031F55C-8410-4E6F-94BB-77023EA69578} = {25A18BE6-EC59-4BE2-8574-9AF039C2A345}
		{EA10E183-32C1-46A4-9D98-2AF54A579966} = {25A18BE6-EC59-4BE2-8574-9AF039C2A345}
		{189200E6-7225-432D-98E9-0775CF5352F2} = {25A18BE6-EC59-4BE2-8574-9AF039C2A345}
		{51609970-A62F-4787-9790-7460086631A5} = {25A18BE6-EC59-4BE2-8574-9AF039C2A345}
		{1F437925-75F0-48DA-9429-490A2A534C49} = {25A18BE6-EC59-4BE2-8574-9AF039C2A345}
		{1A1D1FF5-4330-4470-92CB-CB29F4CDFA05} = {A95C5190-3AAA-48AE-B56A-09CC6345CA1C}
		{583BA370-C110-4BF7-8EAD-C5E5ACFE0C75} = {A95C5190-3AAA-48AE-B56A-09CC6345CA1C}
		{A0CD0E0C-70AA-40D0-8988-EC9E5D6B9BA6} = {5345FDFA-BA6A-4AB4-BDC6-DA849DA61642}
		{43FBD735-6892-4957-A362-36B9DA00218A} = {D3DEF7D0-E1EC-4D48-9970-25F66800805B}
	EndGlobalSection
	GlobalSection(ExtensibilityGlobals) = postSolution
		SolutionGuid = {E3C779DF-3ACA-4C5B-93E6-9619D25217B8}
	EndGlobalSection
EndGlobal
